
Microsoft Visual Studio Solution File, Format Version 12.00
# Visual Studio 15
VisualStudioVersion = 15.0.28307.421
MinimumVisualStudioVersion = 10.0.40219.1
Project("{8BC9CEB8-8B4A-11D0-8D11-00A0C91BC942}") = "01 两数之和", "菜就多训练\菜就多训练.vcxproj", "{3A77E5CC-30CB-420B-8E34-0A894F7FB4A4}"
EndProject
Project("{8BC9CEB8-8B4A-11D0-8D11-00A0C91BC942}") = "多线程", "多线程 按序打印\多线程 按序打印.vcxproj", "{42F8AC2F-DC41-4F27-AF8B-30FADFF8EE0F}"
EndProject
Project("{8BC9CEB8-8B4A-11D0-8D11-00A0C91BC942}") = "02 两数相加", "02 两数相加\02 两数相加.vcxproj", "{D53447E9-EA60-4C42-A1CD-53987857A1D5}"
EndProject
Project("{8BC9CEB8-8B4A-11D0-8D11-00A0C91BC942}") = "03 无重复字符的最长子串", "03 无重复字符的最长子串\03 无重复字符的最长子串.vcxproj", "{C34CC109-905A-4309-9F50-354DAC788F03}"
EndProject
Project("{8BC9CEB8-8B4A-11D0-8D11-00A0C91BC942}") = "04 寻找两个有序数组的中位数", "04 寻找两个有序数组的中位数\04 寻找两个有序数组的中位数.vcxproj", "{717E0EE3-51F0-44A5-95FC-22EAEF28286D}"
EndProject
Project("{8BC9CEB8-8B4A-11D0-8D11-00A0C91BC942}") = "05 最长回文子串", "05 最长回文子串\05 最长回文子串.vcxproj", "{ADC745E1-21C4-4708-A9FA-11A0F2C35CEE}"
EndProject
Project("{8BC9CEB8-8B4A-11D0-8D11-00A0C91BC942}") = "06 Z字形变换", "06 Z字形变换\06 Z字形变换.vcxproj", "{39F3333F-95A6-4ECB-BD3B-54C6599B0080}"
EndProject
Project("{8BC9CEB8-8B4A-11D0-8D11-00A0C91BC942}") = "07 整数反转", "07 整数反转\07 整数反转.vcxproj", "{084EBE79-B7EA-49D6-96AF-CE25CE66C44E}"
EndProject
Project("{8BC9CEB8-8B4A-11D0-8D11-00A0C91BC942}") = "08 字符串转换整数atoi", "08 字符串转换整数atoi\08 字符串转换整数atoi.vcxproj", "{425823E5-5CFB-49B2-A97E-D8D2B50DDA91}"
EndProject
Project("{8BC9CEB8-8B4A-11D0-8D11-00A0C91BC942}") = "test", "test\test.vcxproj", "{5BBF08E3-D3EE-482F-A07C-ACA166343DB5}"
EndProject
Project("{8BC9CEB8-8B4A-11D0-8D11-00A0C91BC942}") = "09 回文数", "09 回文数\09 回文数.vcxproj", "{F91A6719-834F-42E5-8B55-DCD8A3A33030}"
EndProject
Project("{8BC9CEB8-8B4A-11D0-8D11-00A0C91BC942}") = "10 正则表达式匹配", "10 正则表达式匹配\10 正则表达式匹配.vcxproj", "{0F49D9AF-0AE3-4012-941E-AB76447340E1}"
EndProject
Project("{8BC9CEB8-8B4A-11D0-8D11-00A0C91BC942}") = "01 AssignmentOperator", "01 AssignmentOperator\01 AssignmentOperator.vcxproj", "{A3DF5BB5-13A7-4318-9B91-B3937C38F71B}"
EndProject
Project("{8BC9CEB8-8B4A-11D0-8D11-00A0C91BC942}") = "02 Singleton", "02 Singleton\02 Singleton.vcxproj", "{CEDAC0FE-B3C7-42A8-9BCB-3DD1D796D527}"
EndProject
Project("{8BC9CEB8-8B4A-11D0-8D11-00A0C91BC942}") = "03_01_DuplicationInArray", "03_01_DuplicationInArray\03_01_DuplicationInArray.vcxproj", "{BC1B3161-3661-4820-A174-F35C8E2FD629}"
EndProject
Project("{8BC9CEB8-8B4A-11D0-8D11-00A0C91BC942}") = "07_ConstructBinaryTree", "07_ConstructBinaryTree\07_ConstructBinaryTree.vcxproj", "{86FC89B7-8248-4B4D-9520-A70AA1F85AC7}"
EndProject
Project("{8BC9CEB8-8B4A-11D0-8D11-00A0C91BC942}") = "10_Fibonacci", "10_Fibonacci\10_Fibonacci.vcxproj", "{FE6FC6FD-0E67-4E62-B09A-B67B4F86DBB4}"
EndProject
Project("{8BC9CEB8-8B4A-11D0-8D11-00A0C91BC942}") = "11.盛最多水的容器", "11.盛最多水的容器\11.盛最多水的容器.vcxproj", "{2EB049EC-327C-4A37-B54B-269C80728770}"
EndProject
Project("{8BC9CEB8-8B4A-11D0-8D11-00A0C91BC942}") = "12.整数转罗马数字", "12.整数转罗马数字\12.整数转罗马数字.vcxproj", "{97BC3C21-3308-4772-902B-AA97DAA94884}"
EndProject
Project("{8BC9CEB8-8B4A-11D0-8D11-00A0C91BC942}") = "14.最长公共前缀", "14.最长公共前缀\14.最长公共前缀.vcxproj", "{69E35609-A3A0-4701-BD6B-A39E42F654C0}"
EndProject
Project("{8BC9CEB8-8B4A-11D0-8D11-00A0C91BC942}") = "15.三数之和", "15.三数之和\15.三数之和.vcxproj", "{49449CB0-B28A-4A7B-BDEB-ABA410960F5C}"
EndProject
Project("{8BC9CEB8-8B4A-11D0-8D11-00A0C91BC942}") = "swap", "swap\swap.vcxproj", "{84BC067C-D637-4492-88E0-E70026F2A0A3}"
EndProject
Project("{8BC9CEB8-8B4A-11D0-8D11-00A0C91BC942}") = "关于继承的访问权限问题", "关于继承的访问权限问题\关于继承的访问权限问题.vcxproj", "{1D0E0858-D370-4F14-B226-1B960CC05FFA}"
EndProject
Project("{8BC9CEB8-8B4A-11D0-8D11-00A0C91BC942}") = "mysql", "C++操作数据库\C++操作数据库.vcxproj", "{A79E10E4-0F81-4781-9141-3B64C0F9CDE9}"
EndProject
Project("{8BC9CEB8-8B4A-11D0-8D11-00A0C91BC942}") = "16. 最接近的三数之和", "16. 最接近的三数之和\16. 最接近的三数之和.vcxproj", "{0B7883B8-A917-4DF4-A639-7D3372542199}"
EndProject
Project("{8BC9CEB8-8B4A-11D0-8D11-00A0C91BC942}") = "17. 电话号码的字母组合", "17. 电话号码的字母组合\17. 电话号码的字母组合.vcxproj", "{B46FFE3C-CDA4-4051-ABAE-380A6B60B5BB}"
EndProject
Project("{8BC9CEB8-8B4A-11D0-8D11-00A0C91BC942}") = "18. 四数之和", "18. 四数之和\18. 四数之和.vcxproj", "{D7A0FDF5-5491-4A98-BCE9-B2020C566D8C}"
EndProject
Project("{8BC9CEB8-8B4A-11D0-8D11-00A0C91BC942}") = "19. 删除链表的倒数第N个节点", "19. 删除链表的倒数第N个节点\19. 删除链表的倒数第N个节点.vcxproj", "{E8809FBC-7081-4714-9E76-D7632352A569}"
EndProject
Project("{8BC9CEB8-8B4A-11D0-8D11-00A0C91BC942}") = "20. 有效的括号", "20. 有效的括号\20. 有效的括号.vcxproj", "{5462BBCA-8A62-4CCB-886E-CF3132F53067}"
EndProject
Project("{8BC9CEB8-8B4A-11D0-8D11-00A0C91BC942}") = "21. 合并两个有序链表", "21. 合并两个有序链表\21. 合并两个有序链表.vcxproj", "{98476384-09A2-4969-8042-8B95CEBEBC68}"
EndProject
Project("{8BC9CEB8-8B4A-11D0-8D11-00A0C91BC942}") = "22. 括号生成", "22. 括号生成\22. 括号生成.vcxproj", "{903183A1-D7D3-42F6-AB52-1B5CD1EFD10C}"
EndProject
Project("{8BC9CEB8-8B4A-11D0-8D11-00A0C91BC942}") = "23. 合并K个排序链表", "23. 合并K个排序链表\23. 合并K个排序链表.vcxproj", "{6351102C-AB5F-43FC-A6CC-A9A32424542F}"
EndProject
Project("{8BC9CEB8-8B4A-11D0-8D11-00A0C91BC942}") = "24. 两两交换链表中的节点", "24. 两两交换链表中的节点\24. 两两交换链表中的节点.vcxproj", "{90DAC007-0202-4CBC-99BB-091F80746993}"
EndProject
Project("{8BC9CEB8-8B4A-11D0-8D11-00A0C91BC942}") = "25. K 个一组翻转链表", "25. K 个一组翻转链表\25. K 个一组翻转链表.vcxproj", "{25EDD51B-6EA0-42A5-8DA2-7E7166364426}"
EndProject
Project("{8BC9CEB8-8B4A-11D0-8D11-00A0C91BC942}") = "26. 删除排序数组中的重复项", "26. 删除排序数组中的重复项\26. 删除排序数组中的重复项.vcxproj", "{4CACE35D-94B8-43BD-8A8F-BDBB9FFCD954}"
EndProject
Project("{8BC9CEB8-8B4A-11D0-8D11-00A0C91BC942}") = "27. 移除元素", "27. 移除元素\27. 移除元素.vcxproj", "{B139698C-E56C-4012-A415-68C9DE4A280A}"
EndProject
Project("{8BC9CEB8-8B4A-11D0-8D11-00A0C91BC942}") = "万用Hash_Function", "万用Hash_Function\万用Hash_Function.vcxproj", "{87831E30-9B0A-475D-9A58-DFD3D4FA208D}"
EndProject
Project("{8BC9CEB8-8B4A-11D0-8D11-00A0C91BC942}") = "28. 实现 strStr()", "28. 实现 strStr()\28. 实现 strStr().vcxproj", "{92121D84-2646-4627-A669-991EC9BB225C}"
EndProject
Project("{8BC9CEB8-8B4A-11D0-8D11-00A0C91BC942}") = "29. 两数相除", "29. 两数相除\29. 两数相除.vcxproj", "{8648AAF7-A0BE-4917-AACA-A41AC507741C}"
EndProject
Project("{8BC9CEB8-8B4A-11D0-8D11-00A0C91BC942}") = "35 搜索插入位置", "35 搜索插入位置\35 搜索插入位置.vcxproj", "{145629C2-7233-4A47-8B6F-D63A6CA308AA}"
EndProject
Project("{8BC9CEB8-8B4A-11D0-8D11-00A0C91BC942}") = "53. 最大子序和", "53. 最大子序和\53. 最大子序和.vcxproj", "{D8FAF6CD-822C-483D-BCE4-E63F2FE1C58C}"
EndProject
Project("{8BC9CEB8-8B4A-11D0-8D11-00A0C91BC942}") = "66. 加一", "66. 加一\66. 加一.vcxproj", "{DE598CF6-EF07-4CF0-9FEB-05A2CF2C3C7F}"
EndProject
Project("{8BC9CEB8-8B4A-11D0-8D11-00A0C91BC942}") = "88. 合并两个有序数组", "88. 合并两个有序数组\88. 合并两个有序数组.vcxproj", "{D196E279-FFFF-4ADB-BE4E-515FA6575507}"
EndProject
Project("{8BC9CEB8-8B4A-11D0-8D11-00A0C91BC942}") = "31. 下一个排列", "31. 下一个排列\31. 下一个排列.vcxproj", "{ACFACEA5-1F1D-4B3F-A1A9-AFAE556F47D8}"
EndProject
Project("{8BC9CEB8-8B4A-11D0-8D11-00A0C91BC942}") = "33. 搜索旋转排序数组", "33. 搜索旋转排序数组\33. 搜索旋转排序数组.vcxproj", "{79CA64DC-FE86-4E46-85C9-2742B06DF8F3}"
EndProject
Project("{8BC9CEB8-8B4A-11D0-8D11-00A0C91BC942}") = "34. 在排序数组中查找元素的第一个和最后一个位置", "34. 在排序数组中查找元素的第一个和最后一个位置\34. 在排序数组中查找元素的第一个和最后一个位置.vcxproj", "{449B95F6-686B-42F6-9CBC-B92DEBABCC60}"
EndProject
Project("{8BC9CEB8-8B4A-11D0-8D11-00A0C91BC942}") = "39. 组合总和", "39. 组合总和\39. 组合总和.vcxproj", "{1B4F0D2D-A5A4-4947-9D00-C8B647D87468}"
EndProject
Project("{8BC9CEB8-8B4A-11D0-8D11-00A0C91BC942}") = "40. 组合总和 II", "40. 组合总和 II\40. 组合总和 II.vcxproj", "{DE7E4E67-C039-47B0-BAA4-C1B58942B457}"
EndProject
Project("{8BC9CEB8-8B4A-11D0-8D11-00A0C91BC942}") = "48. 旋转图像", "48. 旋转图像\48. 旋转图像.vcxproj", "{6E4FEE54-52CF-40B7-BB25-CA3D0C45026C}"
EndProject
Project("{8BC9CEB8-8B4A-11D0-8D11-00A0C91BC942}") = "242. 有效的字母异位词", "242. 有效的字母异位词\242. 有效的字母异位词.vcxproj", "{2A4D9FF0-C003-486B-9E71-C1C01C27B5FB}"
EndProject
Project("{8BC9CEB8-8B4A-11D0-8D11-00A0C91BC942}") = "56. 合并区间", "56. 合并区间\56. 合并区间.vcxproj", "{487FD3C5-6723-42B9-A398-942BBB853A77}"
EndProject
Project("{8BC9CEB8-8B4A-11D0-8D11-00A0C91BC942}") = "57. 插入区间", "57. 插入区间\57. 插入区间.vcxproj", "{4B59DF8A-DC30-4EDA-8C0D-E42E1F6CD55F}"
EndProject
Project("{8BC9CEB8-8B4A-11D0-8D11-00A0C91BC942}") = "75. 颜色分类", "75. 颜色分类\75. 颜色分类.vcxproj", "{017EADE0-D3A3-4C45-9825-B2286BFE1482}"
EndProject
Project("{8BC9CEB8-8B4A-11D0-8D11-00A0C91BC942}") = "54 螺旋矩阵", "54 螺旋矩阵\54 螺旋矩阵.vcxproj", "{69360997-B508-4096-B8B6-B1224B340AB5}"
EndProject
Project("{8BC9CEB8-8B4A-11D0-8D11-00A0C91BC942}") = "30. 串联所有单词的子串", "30. 串联所有单词的子串\30. 串联所有单词的子串.vcxproj", "{6F1E6795-3D12-4D1D-843B-79FB91A40A7B}"
EndProject
Project("{8BC9CEB8-8B4A-11D0-8D11-00A0C91BC942}") = "重载new_delete", "重载new_delete\重载new_delete.vcxproj", "{52DB3C73-57B9-45A7-A685-902E6820E0B4}"
EndProject
Project("{8BC9CEB8-8B4A-11D0-8D11-00A0C91BC942}") = "Allocator", "Per-class Allocator\Per-class Allocator.vcxproj", "{ED4ED95E-E33C-4F3D-AFE2-DD2B5B222EC1}"
EndProject
Project("{8BC9CEB8-8B4A-11D0-8D11-00A0C91BC942}") = "C++11", "C++11\C++11.vcxproj", "{918A8B32-3353-4862-9ED7-53C87450FE37}"
EndProject
Project("{8BC9CEB8-8B4A-11D0-8D11-00A0C91BC942}") = "内存对齐", "内存对齐\内存对齐.vcxproj", "{47A5D4A9-E254-4CEF-9255-2B8EB9AD34A2}"
EndProject
Project("{8BC9CEB8-8B4A-11D0-8D11-00A0C91BC942}") = "315.countSmaller", "315.countSmaller\315.countSmaller.vcxproj", "{069E0380-30CE-4AF4-9317-992E67DD0E19}"
EndProject
Project("{8BC9CEB8-8B4A-11D0-8D11-00A0C91BC942}") = "174.地下城游戏", "174.地下城游戏\174.地下城游戏.vcxproj", "{648EC7A3-028A-4EE6-948B-FD30D4E6C6DF}"
EndProject
Project("{8BC9CEB8-8B4A-11D0-8D11-00A0C91BC942}") = "120. 三角形最小路径和", "120. 三角形最小路径和\120. 三角形最小路径和.vcxproj", "{058360F3-22F8-4340-9942-07A386D8AEE2}"
EndProject
Project("{8BC9CEB8-8B4A-11D0-8D11-00A0C91BC942}") = "96. 不同的二叉搜索树", "96. 不同的二叉搜索树\96. 不同的二叉搜索树.vcxproj", "{31BA8854-7ABF-4EE4-B149-102C08E04068}"
EndProject
Project("{8BC9CEB8-8B4A-11D0-8D11-00A0C91BC942}") = "！785. 判断二分图", "785. 判断二分图\785. 判断二分图.vcxproj", "{35184165-FF23-454F-9495-33565E03503A}"
EndProject
Project("{8BC9CEB8-8B4A-11D0-8D11-00A0C91BC942}") = "36. 有效的数独", "36. 有效的数独\36. 有效的数独.vcxproj", "{5E3A7575-ECE1-4CD8-BE88-5DC4485D4959}"
EndProject
Project("{8BC9CEB8-8B4A-11D0-8D11-00A0C91BC942}") = "43. 字符串相乘", "43. 字符串相乘\43. 字符串相乘.vcxproj", "{3606AEDD-83D4-4A1A-9842-C2B03B397745}"
EndProject
Project("{8BC9CEB8-8B4A-11D0-8D11-00A0C91BC942}") = "46. 全排列", "46. 全排列\46. 全排列.vcxproj", "{C1820C53-83A3-431C-9618-38BBAC831E70}"
EndProject
Project("{8BC9CEB8-8B4A-11D0-8D11-00A0C91BC942}") = "！49. 字母异位词分组", "49. 字母异位词分组\49. 字母异位词分组.vcxproj", "{7FB331B0-3914-4129-9160-649B80A1536D}"
EndProject
Project("{8BC9CEB8-8B4A-11D0-8D11-00A0C91BC942}") = "！50. Pow(x, n)", "50. Pow(x, n)\50. Pow(x, n).vcxproj", "{D1954BE5-7C7F-4F1D-AB35-F42FC5EEF066}"
EndProject
Project("{8BC9CEB8-8B4A-11D0-8D11-00A0C91BC942}") = "！97. 交错字符串", "97. 交错字符串\97. 交错字符串.vcxproj", "{665C92FA-CF19-4FB2-9099-EAD219482E98}"
EndProject
Project("{8BC9CEB8-8B4A-11D0-8D11-00A0C91BC942}") = "！63. 不同路径 II", "63. 不同路径 II\63. 不同路径 II.vcxproj", "{61F303BC-CDF2-4046-BE54-87ECD786EC82}"
EndProject
Project("{8BC9CEB8-8B4A-11D0-8D11-00A0C91BC942}") = "70. 爬楼梯", "70. 爬楼梯\70. 爬楼梯.vcxproj", "{F13BBDF8-A456-490D-AB8E-6172054C357C}"
EndProject
Project("{8BC9CEB8-8B4A-11D0-8D11-00A0C91BC942}") = "312. 戳气球", "312. 戳气球\312. 戳气球.vcxproj", "{B7EE949F-9361-4CCB-A5EA-5C821471246B}"
EndProject
Project("{8BC9CEB8-8B4A-11D0-8D11-00A0C91BC942}") = "167. 两数之和 II - 输入有序数组", "167. 两数之和 II - 输入有序数组\167. 两数之和 II - 输入有序数组.vcxproj", "{DD03BE51-F9CD-42ED-9507-5958E6289B8B}"
EndProject
Project("{8BC9CEB8-8B4A-11D0-8D11-00A0C91BC942}") = "！95. 不同的二叉搜索树 II", "95. 不同的二叉搜索树 II\95. 不同的二叉搜索树 II.vcxproj", "{64FF0958-0813-4C14-A097-59392672D1D5}"
EndProject
Project("{8BC9CEB8-8B4A-11D0-8D11-00A0C91BC942}") = "59. 螺旋矩阵 II", "59. 螺旋矩阵 II\59. 螺旋矩阵 II.vcxproj", "{78C9770C-A381-4962-ADAC-55745B587CA8}"
EndProject
Project("{8BC9CEB8-8B4A-11D0-8D11-00A0C91BC942}") = "60. 第k个排列", "60. 第k个排列\60. 第k个排列.vcxproj", "{30DE8A70-A26B-46A3-909D-28FB3D95F7ED}"
EndProject
Project("{8BC9CEB8-8B4A-11D0-8D11-00A0C91BC942}") = "410. 分割数组的最大值", "410. 分割数组的最大值\410. 分割数组的最大值.vcxproj", "{B6C899EC-450F-4795-8439-8769A51F7874}"
EndProject
Global
	GlobalSection(SolutionConfigurationPlatforms) = preSolution
		Debug|Win32 = Debug|Win32
		Debug|x64 = Debug|x64
		Debug|x86 = Debug|x86
		Release|Win32 = Release|Win32
		Release|x64 = Release|x64
		Release|x86 = Release|x86
	EndGlobalSection
	GlobalSection(ProjectConfigurationPlatforms) = postSolution
		{3A77E5CC-30CB-420B-8E34-0A894F7FB4A4}.Debug|Win32.ActiveCfg = Debug|x64
		{3A77E5CC-30CB-420B-8E34-0A894F7FB4A4}.Debug|Win32.Build.0 = Debug|x64
		{3A77E5CC-30CB-420B-8E34-0A894F7FB4A4}.Debug|x64.ActiveCfg = Debug|x64
		{3A77E5CC-30CB-420B-8E34-0A894F7FB4A4}.Debug|x64.Build.0 = Debug|x64
		{3A77E5CC-30CB-420B-8E34-0A894F7FB4A4}.Debug|x86.ActiveCfg = Debug|Win32
		{3A77E5CC-30CB-420B-8E34-0A894F7FB4A4}.Debug|x86.Build.0 = Debug|Win32
		{3A77E5CC-30CB-420B-8E34-0A894F7FB4A4}.Release|Win32.ActiveCfg = Release|x64
		{3A77E5CC-30CB-420B-8E34-0A894F7FB4A4}.Release|Win32.Build.0 = Release|x64
		{3A77E5CC-30CB-420B-8E34-0A894F7FB4A4}.Release|x64.ActiveCfg = Release|x64
		{3A77E5CC-30CB-420B-8E34-0A894F7FB4A4}.Release|x64.Build.0 = Release|x64
		{3A77E5CC-30CB-420B-8E34-0A894F7FB4A4}.Release|x86.ActiveCfg = Release|Win32
		{3A77E5CC-30CB-420B-8E34-0A894F7FB4A4}.Release|x86.Build.0 = Release|Win32
		{42F8AC2F-DC41-4F27-AF8B-30FADFF8EE0F}.Debug|Win32.ActiveCfg = Debug|x64
		{42F8AC2F-DC41-4F27-AF8B-30FADFF8EE0F}.Debug|Win32.Build.0 = Debug|x64
		{42F8AC2F-DC41-4F27-AF8B-30FADFF8EE0F}.Debug|x64.ActiveCfg = Debug|x64
		{42F8AC2F-DC41-4F27-AF8B-30FADFF8EE0F}.Debug|x64.Build.0 = Debug|x64
		{42F8AC2F-DC41-4F27-AF8B-30FADFF8EE0F}.Debug|x86.ActiveCfg = Debug|Win32
		{42F8AC2F-DC41-4F27-AF8B-30FADFF8EE0F}.Debug|x86.Build.0 = Debug|Win32
		{42F8AC2F-DC41-4F27-AF8B-30FADFF8EE0F}.Release|Win32.ActiveCfg = Release|x64
		{42F8AC2F-DC41-4F27-AF8B-30FADFF8EE0F}.Release|Win32.Build.0 = Release|x64
		{42F8AC2F-DC41-4F27-AF8B-30FADFF8EE0F}.Release|x64.ActiveCfg = Release|x64
		{42F8AC2F-DC41-4F27-AF8B-30FADFF8EE0F}.Release|x64.Build.0 = Release|x64
		{42F8AC2F-DC41-4F27-AF8B-30FADFF8EE0F}.Release|x86.ActiveCfg = Release|Win32
		{42F8AC2F-DC41-4F27-AF8B-30FADFF8EE0F}.Release|x86.Build.0 = Release|Win32
		{D53447E9-EA60-4C42-A1CD-53987857A1D5}.Debug|Win32.ActiveCfg = Debug|x64
		{D53447E9-EA60-4C42-A1CD-53987857A1D5}.Debug|Win32.Build.0 = Debug|x64
		{D53447E9-EA60-4C42-A1CD-53987857A1D5}.Debug|x64.ActiveCfg = Debug|x64
		{D53447E9-EA60-4C42-A1CD-53987857A1D5}.Debug|x64.Build.0 = Debug|x64
		{D53447E9-EA60-4C42-A1CD-53987857A1D5}.Debug|x86.ActiveCfg = Debug|Win32
		{D53447E9-EA60-4C42-A1CD-53987857A1D5}.Debug|x86.Build.0 = Debug|Win32
		{D53447E9-EA60-4C42-A1CD-53987857A1D5}.Release|Win32.ActiveCfg = Release|x64
		{D53447E9-EA60-4C42-A1CD-53987857A1D5}.Release|Win32.Build.0 = Release|x64
		{D53447E9-EA60-4C42-A1CD-53987857A1D5}.Release|x64.ActiveCfg = Release|x64
		{D53447E9-EA60-4C42-A1CD-53987857A1D5}.Release|x64.Build.0 = Release|x64
		{D53447E9-EA60-4C42-A1CD-53987857A1D5}.Release|x86.ActiveCfg = Release|Win32
		{D53447E9-EA60-4C42-A1CD-53987857A1D5}.Release|x86.Build.0 = Release|Win32
		{C34CC109-905A-4309-9F50-354DAC788F03}.Debug|Win32.ActiveCfg = Debug|x64
		{C34CC109-905A-4309-9F50-354DAC788F03}.Debug|Win32.Build.0 = Debug|x64
		{C34CC109-905A-4309-9F50-354DAC788F03}.Debug|x64.ActiveCfg = Debug|x64
		{C34CC109-905A-4309-9F50-354DAC788F03}.Debug|x64.Build.0 = Debug|x64
		{C34CC109-905A-4309-9F50-354DAC788F03}.Debug|x86.ActiveCfg = Debug|Win32
		{C34CC109-905A-4309-9F50-354DAC788F03}.Debug|x86.Build.0 = Debug|Win32
		{C34CC109-905A-4309-9F50-354DAC788F03}.Release|Win32.ActiveCfg = Release|x64
		{C34CC109-905A-4309-9F50-354DAC788F03}.Release|Win32.Build.0 = Release|x64
		{C34CC109-905A-4309-9F50-354DAC788F03}.Release|x64.ActiveCfg = Release|x64
		{C34CC109-905A-4309-9F50-354DAC788F03}.Release|x64.Build.0 = Release|x64
		{C34CC109-905A-4309-9F50-354DAC788F03}.Release|x86.ActiveCfg = Release|Win32
		{C34CC109-905A-4309-9F50-354DAC788F03}.Release|x86.Build.0 = Release|Win32
		{717E0EE3-51F0-44A5-95FC-22EAEF28286D}.Debug|Win32.ActiveCfg = Debug|x64
		{717E0EE3-51F0-44A5-95FC-22EAEF28286D}.Debug|Win32.Build.0 = Debug|x64
		{717E0EE3-51F0-44A5-95FC-22EAEF28286D}.Debug|x64.ActiveCfg = Debug|x64
		{717E0EE3-51F0-44A5-95FC-22EAEF28286D}.Debug|x64.Build.0 = Debug|x64
		{717E0EE3-51F0-44A5-95FC-22EAEF28286D}.Debug|x86.ActiveCfg = Debug|Win32
		{717E0EE3-51F0-44A5-95FC-22EAEF28286D}.Debug|x86.Build.0 = Debug|Win32
		{717E0EE3-51F0-44A5-95FC-22EAEF28286D}.Release|Win32.ActiveCfg = Release|x64
		{717E0EE3-51F0-44A5-95FC-22EAEF28286D}.Release|Win32.Build.0 = Release|x64
		{717E0EE3-51F0-44A5-95FC-22EAEF28286D}.Release|x64.ActiveCfg = Release|x64
		{717E0EE3-51F0-44A5-95FC-22EAEF28286D}.Release|x64.Build.0 = Release|x64
		{717E0EE3-51F0-44A5-95FC-22EAEF28286D}.Release|x86.ActiveCfg = Release|Win32
		{717E0EE3-51F0-44A5-95FC-22EAEF28286D}.Release|x86.Build.0 = Release|Win32
		{ADC745E1-21C4-4708-A9FA-11A0F2C35CEE}.Debug|Win32.ActiveCfg = Debug|x64
		{ADC745E1-21C4-4708-A9FA-11A0F2C35CEE}.Debug|Win32.Build.0 = Debug|x64
		{ADC745E1-21C4-4708-A9FA-11A0F2C35CEE}.Debug|x64.ActiveCfg = Debug|x64
		{ADC745E1-21C4-4708-A9FA-11A0F2C35CEE}.Debug|x64.Build.0 = Debug|x64
		{ADC745E1-21C4-4708-A9FA-11A0F2C35CEE}.Debug|x86.ActiveCfg = Debug|Win32
		{ADC745E1-21C4-4708-A9FA-11A0F2C35CEE}.Debug|x86.Build.0 = Debug|Win32
		{ADC745E1-21C4-4708-A9FA-11A0F2C35CEE}.Release|Win32.ActiveCfg = Release|x64
		{ADC745E1-21C4-4708-A9FA-11A0F2C35CEE}.Release|Win32.Build.0 = Release|x64
		{ADC745E1-21C4-4708-A9FA-11A0F2C35CEE}.Release|x64.ActiveCfg = Release|x64
		{ADC745E1-21C4-4708-A9FA-11A0F2C35CEE}.Release|x64.Build.0 = Release|x64
		{ADC745E1-21C4-4708-A9FA-11A0F2C35CEE}.Release|x86.ActiveCfg = Release|Win32
		{ADC745E1-21C4-4708-A9FA-11A0F2C35CEE}.Release|x86.Build.0 = Release|Win32
		{39F3333F-95A6-4ECB-BD3B-54C6599B0080}.Debug|Win32.ActiveCfg = Debug|x64
		{39F3333F-95A6-4ECB-BD3B-54C6599B0080}.Debug|Win32.Build.0 = Debug|x64
		{39F3333F-95A6-4ECB-BD3B-54C6599B0080}.Debug|x64.ActiveCfg = Debug|x64
		{39F3333F-95A6-4ECB-BD3B-54C6599B0080}.Debug|x64.Build.0 = Debug|x64
		{39F3333F-95A6-4ECB-BD3B-54C6599B0080}.Debug|x86.ActiveCfg = Debug|Win32
		{39F3333F-95A6-4ECB-BD3B-54C6599B0080}.Debug|x86.Build.0 = Debug|Win32
		{39F3333F-95A6-4ECB-BD3B-54C6599B0080}.Release|Win32.ActiveCfg = Release|x64
		{39F3333F-95A6-4ECB-BD3B-54C6599B0080}.Release|Win32.Build.0 = Release|x64
		{39F3333F-95A6-4ECB-BD3B-54C6599B0080}.Release|x64.ActiveCfg = Release|x64
		{39F3333F-95A6-4ECB-BD3B-54C6599B0080}.Release|x64.Build.0 = Release|x64
		{39F3333F-95A6-4ECB-BD3B-54C6599B0080}.Release|x86.ActiveCfg = Release|Win32
		{39F3333F-95A6-4ECB-BD3B-54C6599B0080}.Release|x86.Build.0 = Release|Win32
		{084EBE79-B7EA-49D6-96AF-CE25CE66C44E}.Debug|Win32.ActiveCfg = Debug|x64
		{084EBE79-B7EA-49D6-96AF-CE25CE66C44E}.Debug|Win32.Build.0 = Debug|x64
		{084EBE79-B7EA-49D6-96AF-CE25CE66C44E}.Debug|x64.ActiveCfg = Debug|x64
		{084EBE79-B7EA-49D6-96AF-CE25CE66C44E}.Debug|x64.Build.0 = Debug|x64
		{084EBE79-B7EA-49D6-96AF-CE25CE66C44E}.Debug|x86.ActiveCfg = Debug|Win32
		{084EBE79-B7EA-49D6-96AF-CE25CE66C44E}.Debug|x86.Build.0 = Debug|Win32
		{084EBE79-B7EA-49D6-96AF-CE25CE66C44E}.Release|Win32.ActiveCfg = Release|x64
		{084EBE79-B7EA-49D6-96AF-CE25CE66C44E}.Release|Win32.Build.0 = Release|x64
		{084EBE79-B7EA-49D6-96AF-CE25CE66C44E}.Release|x64.ActiveCfg = Release|x64
		{084EBE79-B7EA-49D6-96AF-CE25CE66C44E}.Release|x64.Build.0 = Release|x64
		{084EBE79-B7EA-49D6-96AF-CE25CE66C44E}.Release|x86.ActiveCfg = Release|Win32
		{084EBE79-B7EA-49D6-96AF-CE25CE66C44E}.Release|x86.Build.0 = Release|Win32
		{425823E5-5CFB-49B2-A97E-D8D2B50DDA91}.Debug|Win32.ActiveCfg = Debug|x64
		{425823E5-5CFB-49B2-A97E-D8D2B50DDA91}.Debug|Win32.Build.0 = Debug|x64
		{425823E5-5CFB-49B2-A97E-D8D2B50DDA91}.Debug|x64.ActiveCfg = Debug|x64
		{425823E5-5CFB-49B2-A97E-D8D2B50DDA91}.Debug|x64.Build.0 = Debug|x64
		{425823E5-5CFB-49B2-A97E-D8D2B50DDA91}.Debug|x86.ActiveCfg = Debug|Win32
		{425823E5-5CFB-49B2-A97E-D8D2B50DDA91}.Debug|x86.Build.0 = Debug|Win32
		{425823E5-5CFB-49B2-A97E-D8D2B50DDA91}.Release|Win32.ActiveCfg = Release|x64
		{425823E5-5CFB-49B2-A97E-D8D2B50DDA91}.Release|Win32.Build.0 = Release|x64
		{425823E5-5CFB-49B2-A97E-D8D2B50DDA91}.Release|x64.ActiveCfg = Release|x64
		{425823E5-5CFB-49B2-A97E-D8D2B50DDA91}.Release|x64.Build.0 = Release|x64
		{425823E5-5CFB-49B2-A97E-D8D2B50DDA91}.Release|x86.ActiveCfg = Release|Win32
		{425823E5-5CFB-49B2-A97E-D8D2B50DDA91}.Release|x86.Build.0 = Release|Win32
		{5BBF08E3-D3EE-482F-A07C-ACA166343DB5}.Debug|Win32.ActiveCfg = Debug|x64
		{5BBF08E3-D3EE-482F-A07C-ACA166343DB5}.Debug|Win32.Build.0 = Debug|x64
		{5BBF08E3-D3EE-482F-A07C-ACA166343DB5}.Debug|x64.ActiveCfg = Debug|x64
		{5BBF08E3-D3EE-482F-A07C-ACA166343DB5}.Debug|x64.Build.0 = Debug|x64
		{5BBF08E3-D3EE-482F-A07C-ACA166343DB5}.Debug|x86.ActiveCfg = Debug|Win32
		{5BBF08E3-D3EE-482F-A07C-ACA166343DB5}.Debug|x86.Build.0 = Debug|Win32
		{5BBF08E3-D3EE-482F-A07C-ACA166343DB5}.Release|Win32.ActiveCfg = Release|x64
		{5BBF08E3-D3EE-482F-A07C-ACA166343DB5}.Release|Win32.Build.0 = Release|x64
		{5BBF08E3-D3EE-482F-A07C-ACA166343DB5}.Release|x64.ActiveCfg = Release|x64
		{5BBF08E3-D3EE-482F-A07C-ACA166343DB5}.Release|x64.Build.0 = Release|x64
		{5BBF08E3-D3EE-482F-A07C-ACA166343DB5}.Release|x86.ActiveCfg = Release|Win32
		{5BBF08E3-D3EE-482F-A07C-ACA166343DB5}.Release|x86.Build.0 = Release|Win32
		{F91A6719-834F-42E5-8B55-DCD8A3A33030}.Debug|Win32.ActiveCfg = Debug|x64
		{F91A6719-834F-42E5-8B55-DCD8A3A33030}.Debug|Win32.Build.0 = Debug|x64
		{F91A6719-834F-42E5-8B55-DCD8A3A33030}.Debug|x64.ActiveCfg = Debug|x64
		{F91A6719-834F-42E5-8B55-DCD8A3A33030}.Debug|x64.Build.0 = Debug|x64
		{F91A6719-834F-42E5-8B55-DCD8A3A33030}.Debug|x86.ActiveCfg = Debug|Win32
		{F91A6719-834F-42E5-8B55-DCD8A3A33030}.Debug|x86.Build.0 = Debug|Win32
		{F91A6719-834F-42E5-8B55-DCD8A3A33030}.Release|Win32.ActiveCfg = Release|x64
		{F91A6719-834F-42E5-8B55-DCD8A3A33030}.Release|Win32.Build.0 = Release|x64
		{F91A6719-834F-42E5-8B55-DCD8A3A33030}.Release|x64.ActiveCfg = Release|x64
		{F91A6719-834F-42E5-8B55-DCD8A3A33030}.Release|x64.Build.0 = Release|x64
		{F91A6719-834F-42E5-8B55-DCD8A3A33030}.Release|x86.ActiveCfg = Release|Win32
		{F91A6719-834F-42E5-8B55-DCD8A3A33030}.Release|x86.Build.0 = Release|Win32
		{0F49D9AF-0AE3-4012-941E-AB76447340E1}.Debug|Win32.ActiveCfg = Debug|x64
		{0F49D9AF-0AE3-4012-941E-AB76447340E1}.Debug|Win32.Build.0 = Debug|x64
		{0F49D9AF-0AE3-4012-941E-AB76447340E1}.Debug|x64.ActiveCfg = Debug|x64
		{0F49D9AF-0AE3-4012-941E-AB76447340E1}.Debug|x64.Build.0 = Debug|x64
		{0F49D9AF-0AE3-4012-941E-AB76447340E1}.Debug|x86.ActiveCfg = Debug|Win32
		{0F49D9AF-0AE3-4012-941E-AB76447340E1}.Debug|x86.Build.0 = Debug|Win32
		{0F49D9AF-0AE3-4012-941E-AB76447340E1}.Release|Win32.ActiveCfg = Release|x64
		{0F49D9AF-0AE3-4012-941E-AB76447340E1}.Release|Win32.Build.0 = Release|x64
		{0F49D9AF-0AE3-4012-941E-AB76447340E1}.Release|x64.ActiveCfg = Release|x64
		{0F49D9AF-0AE3-4012-941E-AB76447340E1}.Release|x64.Build.0 = Release|x64
		{0F49D9AF-0AE3-4012-941E-AB76447340E1}.Release|x86.ActiveCfg = Release|Win32
		{0F49D9AF-0AE3-4012-941E-AB76447340E1}.Release|x86.Build.0 = Release|Win32
		{A3DF5BB5-13A7-4318-9B91-B3937C38F71B}.Debug|Win32.ActiveCfg = Debug|x64
		{A3DF5BB5-13A7-4318-9B91-B3937C38F71B}.Debug|Win32.Build.0 = Debug|x64
		{A3DF5BB5-13A7-4318-9B91-B3937C38F71B}.Debug|x64.ActiveCfg = Debug|x64
		{A3DF5BB5-13A7-4318-9B91-B3937C38F71B}.Debug|x64.Build.0 = Debug|x64
		{A3DF5BB5-13A7-4318-9B91-B3937C38F71B}.Debug|x86.ActiveCfg = Debug|Win32
		{A3DF5BB5-13A7-4318-9B91-B3937C38F71B}.Debug|x86.Build.0 = Debug|Win32
		{A3DF5BB5-13A7-4318-9B91-B3937C38F71B}.Release|Win32.ActiveCfg = Release|x64
		{A3DF5BB5-13A7-4318-9B91-B3937C38F71B}.Release|Win32.Build.0 = Release|x64
		{A3DF5BB5-13A7-4318-9B91-B3937C38F71B}.Release|x64.ActiveCfg = Release|x64
		{A3DF5BB5-13A7-4318-9B91-B3937C38F71B}.Release|x64.Build.0 = Release|x64
		{A3DF5BB5-13A7-4318-9B91-B3937C38F71B}.Release|x86.ActiveCfg = Release|Win32
		{A3DF5BB5-13A7-4318-9B91-B3937C38F71B}.Release|x86.Build.0 = Release|Win32
		{CEDAC0FE-B3C7-42A8-9BCB-3DD1D796D527}.Debug|Win32.ActiveCfg = Debug|x64
		{CEDAC0FE-B3C7-42A8-9BCB-3DD1D796D527}.Debug|Win32.Build.0 = Debug|x64
		{CEDAC0FE-B3C7-42A8-9BCB-3DD1D796D527}.Debug|x64.ActiveCfg = Debug|x64
		{CEDAC0FE-B3C7-42A8-9BCB-3DD1D796D527}.Debug|x64.Build.0 = Debug|x64
		{CEDAC0FE-B3C7-42A8-9BCB-3DD1D796D527}.Debug|x86.ActiveCfg = Debug|Win32
		{CEDAC0FE-B3C7-42A8-9BCB-3DD1D796D527}.Debug|x86.Build.0 = Debug|Win32
		{CEDAC0FE-B3C7-42A8-9BCB-3DD1D796D527}.Release|Win32.ActiveCfg = Release|x64
		{CEDAC0FE-B3C7-42A8-9BCB-3DD1D796D527}.Release|Win32.Build.0 = Release|x64
		{CEDAC0FE-B3C7-42A8-9BCB-3DD1D796D527}.Release|x64.ActiveCfg = Release|x64
		{CEDAC0FE-B3C7-42A8-9BCB-3DD1D796D527}.Release|x64.Build.0 = Release|x64
		{CEDAC0FE-B3C7-42A8-9BCB-3DD1D796D527}.Release|x86.ActiveCfg = Release|Win32
		{CEDAC0FE-B3C7-42A8-9BCB-3DD1D796D527}.Release|x86.Build.0 = Release|Win32
		{BC1B3161-3661-4820-A174-F35C8E2FD629}.Debug|Win32.ActiveCfg = Debug|x64
		{BC1B3161-3661-4820-A174-F35C8E2FD629}.Debug|Win32.Build.0 = Debug|x64
		{BC1B3161-3661-4820-A174-F35C8E2FD629}.Debug|x64.ActiveCfg = Debug|x64
		{BC1B3161-3661-4820-A174-F35C8E2FD629}.Debug|x64.Build.0 = Debug|x64
		{BC1B3161-3661-4820-A174-F35C8E2FD629}.Debug|x86.ActiveCfg = Debug|Win32
		{BC1B3161-3661-4820-A174-F35C8E2FD629}.Debug|x86.Build.0 = Debug|Win32
		{BC1B3161-3661-4820-A174-F35C8E2FD629}.Release|Win32.ActiveCfg = Release|x64
		{BC1B3161-3661-4820-A174-F35C8E2FD629}.Release|Win32.Build.0 = Release|x64
		{BC1B3161-3661-4820-A174-F35C8E2FD629}.Release|x64.ActiveCfg = Release|x64
		{BC1B3161-3661-4820-A174-F35C8E2FD629}.Release|x64.Build.0 = Release|x64
		{BC1B3161-3661-4820-A174-F35C8E2FD629}.Release|x86.ActiveCfg = Release|Win32
		{BC1B3161-3661-4820-A174-F35C8E2FD629}.Release|x86.Build.0 = Release|Win32
		{86FC89B7-8248-4B4D-9520-A70AA1F85AC7}.Debug|Win32.ActiveCfg = Debug|x64
		{86FC89B7-8248-4B4D-9520-A70AA1F85AC7}.Debug|Win32.Build.0 = Debug|x64
		{86FC89B7-8248-4B4D-9520-A70AA1F85AC7}.Debug|x64.ActiveCfg = Debug|x64
		{86FC89B7-8248-4B4D-9520-A70AA1F85AC7}.Debug|x64.Build.0 = Debug|x64
		{86FC89B7-8248-4B4D-9520-A70AA1F85AC7}.Debug|x86.ActiveCfg = Debug|Win32
		{86FC89B7-8248-4B4D-9520-A70AA1F85AC7}.Debug|x86.Build.0 = Debug|Win32
		{86FC89B7-8248-4B4D-9520-A70AA1F85AC7}.Release|Win32.ActiveCfg = Release|x64
		{86FC89B7-8248-4B4D-9520-A70AA1F85AC7}.Release|Win32.Build.0 = Release|x64
		{86FC89B7-8248-4B4D-9520-A70AA1F85AC7}.Release|x64.ActiveCfg = Release|x64
		{86FC89B7-8248-4B4D-9520-A70AA1F85AC7}.Release|x64.Build.0 = Release|x64
		{86FC89B7-8248-4B4D-9520-A70AA1F85AC7}.Release|x86.ActiveCfg = Release|Win32
		{86FC89B7-8248-4B4D-9520-A70AA1F85AC7}.Release|x86.Build.0 = Release|Win32
		{FE6FC6FD-0E67-4E62-B09A-B67B4F86DBB4}.Debug|Win32.ActiveCfg = Debug|x64
		{FE6FC6FD-0E67-4E62-B09A-B67B4F86DBB4}.Debug|Win32.Build.0 = Debug|x64
		{FE6FC6FD-0E67-4E62-B09A-B67B4F86DBB4}.Debug|x64.ActiveCfg = Debug|x64
		{FE6FC6FD-0E67-4E62-B09A-B67B4F86DBB4}.Debug|x64.Build.0 = Debug|x64
		{FE6FC6FD-0E67-4E62-B09A-B67B4F86DBB4}.Debug|x86.ActiveCfg = Debug|Win32
		{FE6FC6FD-0E67-4E62-B09A-B67B4F86DBB4}.Debug|x86.Build.0 = Debug|Win32
		{FE6FC6FD-0E67-4E62-B09A-B67B4F86DBB4}.Release|Win32.ActiveCfg = Release|x64
		{FE6FC6FD-0E67-4E62-B09A-B67B4F86DBB4}.Release|Win32.Build.0 = Release|x64
		{FE6FC6FD-0E67-4E62-B09A-B67B4F86DBB4}.Release|x64.ActiveCfg = Release|x64
		{FE6FC6FD-0E67-4E62-B09A-B67B4F86DBB4}.Release|x64.Build.0 = Release|x64
		{FE6FC6FD-0E67-4E62-B09A-B67B4F86DBB4}.Release|x86.ActiveCfg = Release|Win32
		{FE6FC6FD-0E67-4E62-B09A-B67B4F86DBB4}.Release|x86.Build.0 = Release|Win32
		{2EB049EC-327C-4A37-B54B-269C80728770}.Debug|Win32.ActiveCfg = Debug|x64
		{2EB049EC-327C-4A37-B54B-269C80728770}.Debug|Win32.Build.0 = Debug|x64
		{2EB049EC-327C-4A37-B54B-269C80728770}.Debug|x64.ActiveCfg = Debug|x64
		{2EB049EC-327C-4A37-B54B-269C80728770}.Debug|x64.Build.0 = Debug|x64
		{2EB049EC-327C-4A37-B54B-269C80728770}.Debug|x86.ActiveCfg = Debug|Win32
		{2EB049EC-327C-4A37-B54B-269C80728770}.Debug|x86.Build.0 = Debug|Win32
		{2EB049EC-327C-4A37-B54B-269C80728770}.Release|Win32.ActiveCfg = Release|x64
		{2EB049EC-327C-4A37-B54B-269C80728770}.Release|Win32.Build.0 = Release|x64
		{2EB049EC-327C-4A37-B54B-269C80728770}.Release|x64.ActiveCfg = Release|x64
		{2EB049EC-327C-4A37-B54B-269C80728770}.Release|x64.Build.0 = Release|x64
		{2EB049EC-327C-4A37-B54B-269C80728770}.Release|x86.ActiveCfg = Release|Win32
		{2EB049EC-327C-4A37-B54B-269C80728770}.Release|x86.Build.0 = Release|Win32
		{97BC3C21-3308-4772-902B-AA97DAA94884}.Debug|Win32.ActiveCfg = Debug|x64
		{97BC3C21-3308-4772-902B-AA97DAA94884}.Debug|Win32.Build.0 = Debug|x64
		{97BC3C21-3308-4772-902B-AA97DAA94884}.Debug|x64.ActiveCfg = Debug|x64
		{97BC3C21-3308-4772-902B-AA97DAA94884}.Debug|x64.Build.0 = Debug|x64
		{97BC3C21-3308-4772-902B-AA97DAA94884}.Debug|x86.ActiveCfg = Debug|Win32
		{97BC3C21-3308-4772-902B-AA97DAA94884}.Debug|x86.Build.0 = Debug|Win32
		{97BC3C21-3308-4772-902B-AA97DAA94884}.Release|Win32.ActiveCfg = Release|x64
		{97BC3C21-3308-4772-902B-AA97DAA94884}.Release|Win32.Build.0 = Release|x64
		{97BC3C21-3308-4772-902B-AA97DAA94884}.Release|x64.ActiveCfg = Release|x64
		{97BC3C21-3308-4772-902B-AA97DAA94884}.Release|x64.Build.0 = Release|x64
		{97BC3C21-3308-4772-902B-AA97DAA94884}.Release|x86.ActiveCfg = Release|Win32
		{97BC3C21-3308-4772-902B-AA97DAA94884}.Release|x86.Build.0 = Release|Win32
		{69E35609-A3A0-4701-BD6B-A39E42F654C0}.Debug|Win32.ActiveCfg = Debug|x64
		{69E35609-A3A0-4701-BD6B-A39E42F654C0}.Debug|Win32.Build.0 = Debug|x64
		{69E35609-A3A0-4701-BD6B-A39E42F654C0}.Debug|x64.ActiveCfg = Debug|x64
		{69E35609-A3A0-4701-BD6B-A39E42F654C0}.Debug|x64.Build.0 = Debug|x64
		{69E35609-A3A0-4701-BD6B-A39E42F654C0}.Debug|x86.ActiveCfg = Debug|Win32
		{69E35609-A3A0-4701-BD6B-A39E42F654C0}.Debug|x86.Build.0 = Debug|Win32
		{69E35609-A3A0-4701-BD6B-A39E42F654C0}.Release|Win32.ActiveCfg = Release|x64
		{69E35609-A3A0-4701-BD6B-A39E42F654C0}.Release|Win32.Build.0 = Release|x64
		{69E35609-A3A0-4701-BD6B-A39E42F654C0}.Release|x64.ActiveCfg = Release|x64
		{69E35609-A3A0-4701-BD6B-A39E42F654C0}.Release|x64.Build.0 = Release|x64
		{69E35609-A3A0-4701-BD6B-A39E42F654C0}.Release|x86.ActiveCfg = Release|Win32
		{69E35609-A3A0-4701-BD6B-A39E42F654C0}.Release|x86.Build.0 = Release|Win32
		{49449CB0-B28A-4A7B-BDEB-ABA410960F5C}.Debug|Win32.ActiveCfg = Debug|x64
		{49449CB0-B28A-4A7B-BDEB-ABA410960F5C}.Debug|Win32.Build.0 = Debug|x64
		{49449CB0-B28A-4A7B-BDEB-ABA410960F5C}.Debug|x64.ActiveCfg = Debug|x64
		{49449CB0-B28A-4A7B-BDEB-ABA410960F5C}.Debug|x64.Build.0 = Debug|x64
		{49449CB0-B28A-4A7B-BDEB-ABA410960F5C}.Debug|x86.ActiveCfg = Debug|Win32
		{49449CB0-B28A-4A7B-BDEB-ABA410960F5C}.Debug|x86.Build.0 = Debug|Win32
		{49449CB0-B28A-4A7B-BDEB-ABA410960F5C}.Release|Win32.ActiveCfg = Release|x64
		{49449CB0-B28A-4A7B-BDEB-ABA410960F5C}.Release|Win32.Build.0 = Release|x64
		{49449CB0-B28A-4A7B-BDEB-ABA410960F5C}.Release|x64.ActiveCfg = Release|x64
		{49449CB0-B28A-4A7B-BDEB-ABA410960F5C}.Release|x64.Build.0 = Release|x64
		{49449CB0-B28A-4A7B-BDEB-ABA410960F5C}.Release|x86.ActiveCfg = Release|Win32
		{49449CB0-B28A-4A7B-BDEB-ABA410960F5C}.Release|x86.Build.0 = Release|Win32
		{84BC067C-D637-4492-88E0-E70026F2A0A3}.Debug|Win32.ActiveCfg = Debug|x64
		{84BC067C-D637-4492-88E0-E70026F2A0A3}.Debug|Win32.Build.0 = Debug|x64
		{84BC067C-D637-4492-88E0-E70026F2A0A3}.Debug|x64.ActiveCfg = Debug|x64
		{84BC067C-D637-4492-88E0-E70026F2A0A3}.Debug|x64.Build.0 = Debug|x64
		{84BC067C-D637-4492-88E0-E70026F2A0A3}.Debug|x86.ActiveCfg = Debug|Win32
		{84BC067C-D637-4492-88E0-E70026F2A0A3}.Debug|x86.Build.0 = Debug|Win32
		{84BC067C-D637-4492-88E0-E70026F2A0A3}.Release|Win32.ActiveCfg = Release|x64
		{84BC067C-D637-4492-88E0-E70026F2A0A3}.Release|Win32.Build.0 = Release|x64
		{84BC067C-D637-4492-88E0-E70026F2A0A3}.Release|x64.ActiveCfg = Release|x64
		{84BC067C-D637-4492-88E0-E70026F2A0A3}.Release|x64.Build.0 = Release|x64
		{84BC067C-D637-4492-88E0-E70026F2A0A3}.Release|x86.ActiveCfg = Release|Win32
		{84BC067C-D637-4492-88E0-E70026F2A0A3}.Release|x86.Build.0 = Release|Win32
		{1D0E0858-D370-4F14-B226-1B960CC05FFA}.Debug|Win32.ActiveCfg = Debug|x64
		{1D0E0858-D370-4F14-B226-1B960CC05FFA}.Debug|Win32.Build.0 = Debug|x64
		{1D0E0858-D370-4F14-B226-1B960CC05FFA}.Debug|x64.ActiveCfg = Debug|x64
		{1D0E0858-D370-4F14-B226-1B960CC05FFA}.Debug|x64.Build.0 = Debug|x64
		{1D0E0858-D370-4F14-B226-1B960CC05FFA}.Debug|x86.ActiveCfg = Debug|Win32
		{1D0E0858-D370-4F14-B226-1B960CC05FFA}.Debug|x86.Build.0 = Debug|Win32
		{1D0E0858-D370-4F14-B226-1B960CC05FFA}.Release|Win32.ActiveCfg = Release|x64
		{1D0E0858-D370-4F14-B226-1B960CC05FFA}.Release|Win32.Build.0 = Release|x64
		{1D0E0858-D370-4F14-B226-1B960CC05FFA}.Release|x64.ActiveCfg = Release|x64
		{1D0E0858-D370-4F14-B226-1B960CC05FFA}.Release|x64.Build.0 = Release|x64
		{1D0E0858-D370-4F14-B226-1B960CC05FFA}.Release|x86.ActiveCfg = Release|Win32
		{1D0E0858-D370-4F14-B226-1B960CC05FFA}.Release|x86.Build.0 = Release|Win32
		{A79E10E4-0F81-4781-9141-3B64C0F9CDE9}.Debug|Win32.ActiveCfg = Debug|x64
		{A79E10E4-0F81-4781-9141-3B64C0F9CDE9}.Debug|Win32.Build.0 = Debug|x64
		{A79E10E4-0F81-4781-9141-3B64C0F9CDE9}.Debug|x64.ActiveCfg = Debug|x64
		{A79E10E4-0F81-4781-9141-3B64C0F9CDE9}.Debug|x64.Build.0 = Debug|x64
		{A79E10E4-0F81-4781-9141-3B64C0F9CDE9}.Debug|x86.ActiveCfg = Debug|Win32
		{A79E10E4-0F81-4781-9141-3B64C0F9CDE9}.Debug|x86.Build.0 = Debug|Win32
		{A79E10E4-0F81-4781-9141-3B64C0F9CDE9}.Release|Win32.ActiveCfg = Release|x64
		{A79E10E4-0F81-4781-9141-3B64C0F9CDE9}.Release|Win32.Build.0 = Release|x64
		{A79E10E4-0F81-4781-9141-3B64C0F9CDE9}.Release|x64.ActiveCfg = Release|x64
		{A79E10E4-0F81-4781-9141-3B64C0F9CDE9}.Release|x64.Build.0 = Release|x64
		{A79E10E4-0F81-4781-9141-3B64C0F9CDE9}.Release|x86.ActiveCfg = Release|Win32
		{A79E10E4-0F81-4781-9141-3B64C0F9CDE9}.Release|x86.Build.0 = Release|Win32
		{0B7883B8-A917-4DF4-A639-7D3372542199}.Debug|Win32.ActiveCfg = Debug|Win32
		{0B7883B8-A917-4DF4-A639-7D3372542199}.Debug|Win32.Build.0 = Debug|Win32
		{0B7883B8-A917-4DF4-A639-7D3372542199}.Debug|x64.ActiveCfg = Debug|x64
		{0B7883B8-A917-4DF4-A639-7D3372542199}.Debug|x64.Build.0 = Debug|x64
		{0B7883B8-A917-4DF4-A639-7D3372542199}.Debug|x86.ActiveCfg = Debug|Win32
		{0B7883B8-A917-4DF4-A639-7D3372542199}.Debug|x86.Build.0 = Debug|Win32
		{0B7883B8-A917-4DF4-A639-7D3372542199}.Release|Win32.ActiveCfg = Release|Win32
		{0B7883B8-A917-4DF4-A639-7D3372542199}.Release|Win32.Build.0 = Release|Win32
		{0B7883B8-A917-4DF4-A639-7D3372542199}.Release|x64.ActiveCfg = Release|x64
		{0B7883B8-A917-4DF4-A639-7D3372542199}.Release|x64.Build.0 = Release|x64
		{0B7883B8-A917-4DF4-A639-7D3372542199}.Release|x86.ActiveCfg = Release|Win32
		{0B7883B8-A917-4DF4-A639-7D3372542199}.Release|x86.Build.0 = Release|Win32
		{B46FFE3C-CDA4-4051-ABAE-380A6B60B5BB}.Debug|Win32.ActiveCfg = Debug|Win32
		{B46FFE3C-CDA4-4051-ABAE-380A6B60B5BB}.Debug|Win32.Build.0 = Debug|Win32
		{B46FFE3C-CDA4-4051-ABAE-380A6B60B5BB}.Debug|x64.ActiveCfg = Debug|x64
		{B46FFE3C-CDA4-4051-ABAE-380A6B60B5BB}.Debug|x64.Build.0 = Debug|x64
		{B46FFE3C-CDA4-4051-ABAE-380A6B60B5BB}.Debug|x86.ActiveCfg = Debug|Win32
		{B46FFE3C-CDA4-4051-ABAE-380A6B60B5BB}.Debug|x86.Build.0 = Debug|Win32
		{B46FFE3C-CDA4-4051-ABAE-380A6B60B5BB}.Release|Win32.ActiveCfg = Release|Win32
		{B46FFE3C-CDA4-4051-ABAE-380A6B60B5BB}.Release|Win32.Build.0 = Release|Win32
		{B46FFE3C-CDA4-4051-ABAE-380A6B60B5BB}.Release|x64.ActiveCfg = Release|x64
		{B46FFE3C-CDA4-4051-ABAE-380A6B60B5BB}.Release|x64.Build.0 = Release|x64
		{B46FFE3C-CDA4-4051-ABAE-380A6B60B5BB}.Release|x86.ActiveCfg = Release|Win32
		{B46FFE3C-CDA4-4051-ABAE-380A6B60B5BB}.Release|x86.Build.0 = Release|Win32
		{D7A0FDF5-5491-4A98-BCE9-B2020C566D8C}.Debug|Win32.ActiveCfg = Debug|Win32
		{D7A0FDF5-5491-4A98-BCE9-B2020C566D8C}.Debug|Win32.Build.0 = Debug|Win32
		{D7A0FDF5-5491-4A98-BCE9-B2020C566D8C}.Debug|x64.ActiveCfg = Debug|x64
		{D7A0FDF5-5491-4A98-BCE9-B2020C566D8C}.Debug|x64.Build.0 = Debug|x64
		{D7A0FDF5-5491-4A98-BCE9-B2020C566D8C}.Debug|x86.ActiveCfg = Debug|Win32
		{D7A0FDF5-5491-4A98-BCE9-B2020C566D8C}.Debug|x86.Build.0 = Debug|Win32
		{D7A0FDF5-5491-4A98-BCE9-B2020C566D8C}.Release|Win32.ActiveCfg = Release|Win32
		{D7A0FDF5-5491-4A98-BCE9-B2020C566D8C}.Release|Win32.Build.0 = Release|Win32
		{D7A0FDF5-5491-4A98-BCE9-B2020C566D8C}.Release|x64.ActiveCfg = Release|x64
		{D7A0FDF5-5491-4A98-BCE9-B2020C566D8C}.Release|x64.Build.0 = Release|x64
		{D7A0FDF5-5491-4A98-BCE9-B2020C566D8C}.Release|x86.ActiveCfg = Release|Win32
		{D7A0FDF5-5491-4A98-BCE9-B2020C566D8C}.Release|x86.Build.0 = Release|Win32
		{E8809FBC-7081-4714-9E76-D7632352A569}.Debug|Win32.ActiveCfg = Debug|Win32
		{E8809FBC-7081-4714-9E76-D7632352A569}.Debug|Win32.Build.0 = Debug|Win32
		{E8809FBC-7081-4714-9E76-D7632352A569}.Debug|x64.ActiveCfg = Debug|x64
		{E8809FBC-7081-4714-9E76-D7632352A569}.Debug|x64.Build.0 = Debug|x64
		{E8809FBC-7081-4714-9E76-D7632352A569}.Debug|x86.ActiveCfg = Debug|Win32
		{E8809FBC-7081-4714-9E76-D7632352A569}.Debug|x86.Build.0 = Debug|Win32
		{E8809FBC-7081-4714-9E76-D7632352A569}.Release|Win32.ActiveCfg = Release|Win32
		{E8809FBC-7081-4714-9E76-D7632352A569}.Release|Win32.Build.0 = Release|Win32
		{E8809FBC-7081-4714-9E76-D7632352A569}.Release|x64.ActiveCfg = Release|x64
		{E8809FBC-7081-4714-9E76-D7632352A569}.Release|x64.Build.0 = Release|x64
		{E8809FBC-7081-4714-9E76-D7632352A569}.Release|x86.ActiveCfg = Release|Win32
		{E8809FBC-7081-4714-9E76-D7632352A569}.Release|x86.Build.0 = Release|Win32
		{5462BBCA-8A62-4CCB-886E-CF3132F53067}.Debug|Win32.ActiveCfg = Debug|Win32
		{5462BBCA-8A62-4CCB-886E-CF3132F53067}.Debug|Win32.Build.0 = Debug|Win32
		{5462BBCA-8A62-4CCB-886E-CF3132F53067}.Debug|x64.ActiveCfg = Debug|x64
		{5462BBCA-8A62-4CCB-886E-CF3132F53067}.Debug|x64.Build.0 = Debug|x64
		{5462BBCA-8A62-4CCB-886E-CF3132F53067}.Debug|x86.ActiveCfg = Debug|Win32
		{5462BBCA-8A62-4CCB-886E-CF3132F53067}.Debug|x86.Build.0 = Debug|Win32
		{5462BBCA-8A62-4CCB-886E-CF3132F53067}.Release|Win32.ActiveCfg = Release|Win32
		{5462BBCA-8A62-4CCB-886E-CF3132F53067}.Release|Win32.Build.0 = Release|Win32
		{5462BBCA-8A62-4CCB-886E-CF3132F53067}.Release|x64.ActiveCfg = Release|x64
		{5462BBCA-8A62-4CCB-886E-CF3132F53067}.Release|x64.Build.0 = Release|x64
		{5462BBCA-8A62-4CCB-886E-CF3132F53067}.Release|x86.ActiveCfg = Release|Win32
		{5462BBCA-8A62-4CCB-886E-CF3132F53067}.Release|x86.Build.0 = Release|Win32
		{98476384-09A2-4969-8042-8B95CEBEBC68}.Debug|Win32.ActiveCfg = Debug|Win32
		{98476384-09A2-4969-8042-8B95CEBEBC68}.Debug|Win32.Build.0 = Debug|Win32
		{98476384-09A2-4969-8042-8B95CEBEBC68}.Debug|x64.ActiveCfg = Debug|x64
		{98476384-09A2-4969-8042-8B95CEBEBC68}.Debug|x64.Build.0 = Debug|x64
		{98476384-09A2-4969-8042-8B95CEBEBC68}.Debug|x86.ActiveCfg = Debug|Win32
		{98476384-09A2-4969-8042-8B95CEBEBC68}.Debug|x86.Build.0 = Debug|Win32
		{98476384-09A2-4969-8042-8B95CEBEBC68}.Release|Win32.ActiveCfg = Release|Win32
		{98476384-09A2-4969-8042-8B95CEBEBC68}.Release|Win32.Build.0 = Release|Win32
		{98476384-09A2-4969-8042-8B95CEBEBC68}.Release|x64.ActiveCfg = Release|x64
		{98476384-09A2-4969-8042-8B95CEBEBC68}.Release|x64.Build.0 = Release|x64
		{98476384-09A2-4969-8042-8B95CEBEBC68}.Release|x86.ActiveCfg = Release|Win32
		{98476384-09A2-4969-8042-8B95CEBEBC68}.Release|x86.Build.0 = Release|Win32
		{903183A1-D7D3-42F6-AB52-1B5CD1EFD10C}.Debug|Win32.ActiveCfg = Debug|Win32
		{903183A1-D7D3-42F6-AB52-1B5CD1EFD10C}.Debug|Win32.Build.0 = Debug|Win32
		{903183A1-D7D3-42F6-AB52-1B5CD1EFD10C}.Debug|x64.ActiveCfg = Debug|x64
		{903183A1-D7D3-42F6-AB52-1B5CD1EFD10C}.Debug|x64.Build.0 = Debug|x64
		{903183A1-D7D3-42F6-AB52-1B5CD1EFD10C}.Debug|x86.ActiveCfg = Debug|Win32
		{903183A1-D7D3-42F6-AB52-1B5CD1EFD10C}.Debug|x86.Build.0 = Debug|Win32
		{903183A1-D7D3-42F6-AB52-1B5CD1EFD10C}.Release|Win32.ActiveCfg = Release|Win32
		{903183A1-D7D3-42F6-AB52-1B5CD1EFD10C}.Release|Win32.Build.0 = Release|Win32
		{903183A1-D7D3-42F6-AB52-1B5CD1EFD10C}.Release|x64.ActiveCfg = Release|x64
		{903183A1-D7D3-42F6-AB52-1B5CD1EFD10C}.Release|x64.Build.0 = Release|x64
		{903183A1-D7D3-42F6-AB52-1B5CD1EFD10C}.Release|x86.ActiveCfg = Release|Win32
		{903183A1-D7D3-42F6-AB52-1B5CD1EFD10C}.Release|x86.Build.0 = Release|Win32
		{6351102C-AB5F-43FC-A6CC-A9A32424542F}.Debug|Win32.ActiveCfg = Debug|Win32
		{6351102C-AB5F-43FC-A6CC-A9A32424542F}.Debug|Win32.Build.0 = Debug|Win32
		{6351102C-AB5F-43FC-A6CC-A9A32424542F}.Debug|x64.ActiveCfg = Debug|x64
		{6351102C-AB5F-43FC-A6CC-A9A32424542F}.Debug|x64.Build.0 = Debug|x64
		{6351102C-AB5F-43FC-A6CC-A9A32424542F}.Debug|x86.ActiveCfg = Debug|Win32
		{6351102C-AB5F-43FC-A6CC-A9A32424542F}.Debug|x86.Build.0 = Debug|Win32
		{6351102C-AB5F-43FC-A6CC-A9A32424542F}.Release|Win32.ActiveCfg = Release|Win32
		{6351102C-AB5F-43FC-A6CC-A9A32424542F}.Release|Win32.Build.0 = Release|Win32
		{6351102C-AB5F-43FC-A6CC-A9A32424542F}.Release|x64.ActiveCfg = Release|x64
		{6351102C-AB5F-43FC-A6CC-A9A32424542F}.Release|x64.Build.0 = Release|x64
		{6351102C-AB5F-43FC-A6CC-A9A32424542F}.Release|x86.ActiveCfg = Release|Win32
		{6351102C-AB5F-43FC-A6CC-A9A32424542F}.Release|x86.Build.0 = Release|Win32
		{90DAC007-0202-4CBC-99BB-091F80746993}.Debug|Win32.ActiveCfg = Debug|Win32
		{90DAC007-0202-4CBC-99BB-091F80746993}.Debug|Win32.Build.0 = Debug|Win32
		{90DAC007-0202-4CBC-99BB-091F80746993}.Debug|x64.ActiveCfg = Debug|x64
		{90DAC007-0202-4CBC-99BB-091F80746993}.Debug|x64.Build.0 = Debug|x64
		{90DAC007-0202-4CBC-99BB-091F80746993}.Debug|x86.ActiveCfg = Debug|Win32
		{90DAC007-0202-4CBC-99BB-091F80746993}.Debug|x86.Build.0 = Debug|Win32
		{90DAC007-0202-4CBC-99BB-091F80746993}.Release|Win32.ActiveCfg = Release|Win32
		{90DAC007-0202-4CBC-99BB-091F80746993}.Release|Win32.Build.0 = Release|Win32
		{90DAC007-0202-4CBC-99BB-091F80746993}.Release|x64.ActiveCfg = Release|x64
		{90DAC007-0202-4CBC-99BB-091F80746993}.Release|x64.Build.0 = Release|x64
		{90DAC007-0202-4CBC-99BB-091F80746993}.Release|x86.ActiveCfg = Release|Win32
		{90DAC007-0202-4CBC-99BB-091F80746993}.Release|x86.Build.0 = Release|Win32
		{25EDD51B-6EA0-42A5-8DA2-7E7166364426}.Debug|Win32.ActiveCfg = Debug|Win32
		{25EDD51B-6EA0-42A5-8DA2-7E7166364426}.Debug|Win32.Build.0 = Debug|Win32
		{25EDD51B-6EA0-42A5-8DA2-7E7166364426}.Debug|x64.ActiveCfg = Debug|x64
		{25EDD51B-6EA0-42A5-8DA2-7E7166364426}.Debug|x64.Build.0 = Debug|x64
		{25EDD51B-6EA0-42A5-8DA2-7E7166364426}.Debug|x86.ActiveCfg = Debug|Win32
		{25EDD51B-6EA0-42A5-8DA2-7E7166364426}.Debug|x86.Build.0 = Debug|Win32
		{25EDD51B-6EA0-42A5-8DA2-7E7166364426}.Release|Win32.ActiveCfg = Release|Win32
		{25EDD51B-6EA0-42A5-8DA2-7E7166364426}.Release|Win32.Build.0 = Release|Win32
		{25EDD51B-6EA0-42A5-8DA2-7E7166364426}.Release|x64.ActiveCfg = Release|x64
		{25EDD51B-6EA0-42A5-8DA2-7E7166364426}.Release|x64.Build.0 = Release|x64
		{25EDD51B-6EA0-42A5-8DA2-7E7166364426}.Release|x86.ActiveCfg = Release|Win32
		{25EDD51B-6EA0-42A5-8DA2-7E7166364426}.Release|x86.Build.0 = Release|Win32
		{4CACE35D-94B8-43BD-8A8F-BDBB9FFCD954}.Debug|Win32.ActiveCfg = Debug|Win32
		{4CACE35D-94B8-43BD-8A8F-BDBB9FFCD954}.Debug|Win32.Build.0 = Debug|Win32
		{4CACE35D-94B8-43BD-8A8F-BDBB9FFCD954}.Debug|x64.ActiveCfg = Debug|x64
		{4CACE35D-94B8-43BD-8A8F-BDBB9FFCD954}.Debug|x64.Build.0 = Debug|x64
		{4CACE35D-94B8-43BD-8A8F-BDBB9FFCD954}.Debug|x86.ActiveCfg = Debug|Win32
		{4CACE35D-94B8-43BD-8A8F-BDBB9FFCD954}.Debug|x86.Build.0 = Debug|Win32
		{4CACE35D-94B8-43BD-8A8F-BDBB9FFCD954}.Release|Win32.ActiveCfg = Release|Win32
		{4CACE35D-94B8-43BD-8A8F-BDBB9FFCD954}.Release|Win32.Build.0 = Release|Win32
		{4CACE35D-94B8-43BD-8A8F-BDBB9FFCD954}.Release|x64.ActiveCfg = Release|x64
		{4CACE35D-94B8-43BD-8A8F-BDBB9FFCD954}.Release|x64.Build.0 = Release|x64
		{4CACE35D-94B8-43BD-8A8F-BDBB9FFCD954}.Release|x86.ActiveCfg = Release|Win32
		{4CACE35D-94B8-43BD-8A8F-BDBB9FFCD954}.Release|x86.Build.0 = Release|Win32
		{B139698C-E56C-4012-A415-68C9DE4A280A}.Debug|Win32.ActiveCfg = Debug|Win32
		{B139698C-E56C-4012-A415-68C9DE4A280A}.Debug|Win32.Build.0 = Debug|Win32
		{B139698C-E56C-4012-A415-68C9DE4A280A}.Debug|x64.ActiveCfg = Debug|x64
		{B139698C-E56C-4012-A415-68C9DE4A280A}.Debug|x64.Build.0 = Debug|x64
		{B139698C-E56C-4012-A415-68C9DE4A280A}.Debug|x86.ActiveCfg = Debug|Win32
		{B139698C-E56C-4012-A415-68C9DE4A280A}.Debug|x86.Build.0 = Debug|Win32
		{B139698C-E56C-4012-A415-68C9DE4A280A}.Release|Win32.ActiveCfg = Release|Win32
		{B139698C-E56C-4012-A415-68C9DE4A280A}.Release|Win32.Build.0 = Release|Win32
		{B139698C-E56C-4012-A415-68C9DE4A280A}.Release|x64.ActiveCfg = Release|x64
		{B139698C-E56C-4012-A415-68C9DE4A280A}.Release|x64.Build.0 = Release|x64
		{B139698C-E56C-4012-A415-68C9DE4A280A}.Release|x86.ActiveCfg = Release|Win32
		{B139698C-E56C-4012-A415-68C9DE4A280A}.Release|x86.Build.0 = Release|Win32
		{87831E30-9B0A-475D-9A58-DFD3D4FA208D}.Debug|Win32.ActiveCfg = Debug|Win32
		{87831E30-9B0A-475D-9A58-DFD3D4FA208D}.Debug|Win32.Build.0 = Debug|Win32
		{87831E30-9B0A-475D-9A58-DFD3D4FA208D}.Debug|x64.ActiveCfg = Debug|x64
		{87831E30-9B0A-475D-9A58-DFD3D4FA208D}.Debug|x64.Build.0 = Debug|x64
		{87831E30-9B0A-475D-9A58-DFD3D4FA208D}.Debug|x86.ActiveCfg = Debug|Win32
		{87831E30-9B0A-475D-9A58-DFD3D4FA208D}.Debug|x86.Build.0 = Debug|Win32
		{87831E30-9B0A-475D-9A58-DFD3D4FA208D}.Release|Win32.ActiveCfg = Release|Win32
		{87831E30-9B0A-475D-9A58-DFD3D4FA208D}.Release|Win32.Build.0 = Release|Win32
		{87831E30-9B0A-475D-9A58-DFD3D4FA208D}.Release|x64.ActiveCfg = Release|x64
		{87831E30-9B0A-475D-9A58-DFD3D4FA208D}.Release|x64.Build.0 = Release|x64
		{87831E30-9B0A-475D-9A58-DFD3D4FA208D}.Release|x86.ActiveCfg = Release|Win32
		{87831E30-9B0A-475D-9A58-DFD3D4FA208D}.Release|x86.Build.0 = Release|Win32
		{92121D84-2646-4627-A669-991EC9BB225C}.Debug|Win32.ActiveCfg = Debug|Win32
		{92121D84-2646-4627-A669-991EC9BB225C}.Debug|Win32.Build.0 = Debug|Win32
		{92121D84-2646-4627-A669-991EC9BB225C}.Debug|x64.ActiveCfg = Debug|x64
		{92121D84-2646-4627-A669-991EC9BB225C}.Debug|x64.Build.0 = Debug|x64
		{92121D84-2646-4627-A669-991EC9BB225C}.Debug|x86.ActiveCfg = Debug|Win32
		{92121D84-2646-4627-A669-991EC9BB225C}.Debug|x86.Build.0 = Debug|Win32
		{92121D84-2646-4627-A669-991EC9BB225C}.Release|Win32.ActiveCfg = Release|Win32
		{92121D84-2646-4627-A669-991EC9BB225C}.Release|Win32.Build.0 = Release|Win32
		{92121D84-2646-4627-A669-991EC9BB225C}.Release|x64.ActiveCfg = Release|x64
		{92121D84-2646-4627-A669-991EC9BB225C}.Release|x64.Build.0 = Release|x64
		{92121D84-2646-4627-A669-991EC9BB225C}.Release|x86.ActiveCfg = Release|Win32
		{92121D84-2646-4627-A669-991EC9BB225C}.Release|x86.Build.0 = Release|Win32
		{8648AAF7-A0BE-4917-AACA-A41AC507741C}.Debug|Win32.ActiveCfg = Debug|Win32
		{8648AAF7-A0BE-4917-AACA-A41AC507741C}.Debug|Win32.Build.0 = Debug|Win32
		{8648AAF7-A0BE-4917-AACA-A41AC507741C}.Debug|x64.ActiveCfg = Debug|x64
		{8648AAF7-A0BE-4917-AACA-A41AC507741C}.Debug|x64.Build.0 = Debug|x64
		{8648AAF7-A0BE-4917-AACA-A41AC507741C}.Debug|x86.ActiveCfg = Debug|Win32
		{8648AAF7-A0BE-4917-AACA-A41AC507741C}.Debug|x86.Build.0 = Debug|Win32
		{8648AAF7-A0BE-4917-AACA-A41AC507741C}.Release|Win32.ActiveCfg = Release|Win32
		{8648AAF7-A0BE-4917-AACA-A41AC507741C}.Release|Win32.Build.0 = Release|Win32
		{8648AAF7-A0BE-4917-AACA-A41AC507741C}.Release|x64.ActiveCfg = Release|x64
		{8648AAF7-A0BE-4917-AACA-A41AC507741C}.Release|x64.Build.0 = Release|x64
		{8648AAF7-A0BE-4917-AACA-A41AC507741C}.Release|x86.ActiveCfg = Release|Win32
		{8648AAF7-A0BE-4917-AACA-A41AC507741C}.Release|x86.Build.0 = Release|Win32
		{145629C2-7233-4A47-8B6F-D63A6CA308AA}.Debug|Win32.ActiveCfg = Debug|Win32
		{145629C2-7233-4A47-8B6F-D63A6CA308AA}.Debug|Win32.Build.0 = Debug|Win32
		{145629C2-7233-4A47-8B6F-D63A6CA308AA}.Debug|x64.ActiveCfg = Debug|x64
		{145629C2-7233-4A47-8B6F-D63A6CA308AA}.Debug|x64.Build.0 = Debug|x64
		{145629C2-7233-4A47-8B6F-D63A6CA308AA}.Debug|x86.ActiveCfg = Debug|Win32
		{145629C2-7233-4A47-8B6F-D63A6CA308AA}.Debug|x86.Build.0 = Debug|Win32
		{145629C2-7233-4A47-8B6F-D63A6CA308AA}.Release|Win32.ActiveCfg = Release|Win32
		{145629C2-7233-4A47-8B6F-D63A6CA308AA}.Release|Win32.Build.0 = Release|Win32
		{145629C2-7233-4A47-8B6F-D63A6CA308AA}.Release|x64.ActiveCfg = Release|x64
		{145629C2-7233-4A47-8B6F-D63A6CA308AA}.Release|x64.Build.0 = Release|x64
		{145629C2-7233-4A47-8B6F-D63A6CA308AA}.Release|x86.ActiveCfg = Release|Win32
		{145629C2-7233-4A47-8B6F-D63A6CA308AA}.Release|x86.Build.0 = Release|Win32
		{D8FAF6CD-822C-483D-BCE4-E63F2FE1C58C}.Debug|Win32.ActiveCfg = Debug|Win32
		{D8FAF6CD-822C-483D-BCE4-E63F2FE1C58C}.Debug|Win32.Build.0 = Debug|Win32
		{D8FAF6CD-822C-483D-BCE4-E63F2FE1C58C}.Debug|x64.ActiveCfg = Debug|x64
		{D8FAF6CD-822C-483D-BCE4-E63F2FE1C58C}.Debug|x64.Build.0 = Debug|x64
		{D8FAF6CD-822C-483D-BCE4-E63F2FE1C58C}.Debug|x86.ActiveCfg = Debug|Win32
		{D8FAF6CD-822C-483D-BCE4-E63F2FE1C58C}.Debug|x86.Build.0 = Debug|Win32
		{D8FAF6CD-822C-483D-BCE4-E63F2FE1C58C}.Release|Win32.ActiveCfg = Release|Win32
		{D8FAF6CD-822C-483D-BCE4-E63F2FE1C58C}.Release|Win32.Build.0 = Release|Win32
		{D8FAF6CD-822C-483D-BCE4-E63F2FE1C58C}.Release|x64.ActiveCfg = Release|x64
		{D8FAF6CD-822C-483D-BCE4-E63F2FE1C58C}.Release|x64.Build.0 = Release|x64
		{D8FAF6CD-822C-483D-BCE4-E63F2FE1C58C}.Release|x86.ActiveCfg = Release|Win32
		{D8FAF6CD-822C-483D-BCE4-E63F2FE1C58C}.Release|x86.Build.0 = Release|Win32
		{DE598CF6-EF07-4CF0-9FEB-05A2CF2C3C7F}.Debug|Win32.ActiveCfg = Debug|Win32
		{DE598CF6-EF07-4CF0-9FEB-05A2CF2C3C7F}.Debug|Win32.Build.0 = Debug|Win32
		{DE598CF6-EF07-4CF0-9FEB-05A2CF2C3C7F}.Debug|x64.ActiveCfg = Debug|x64
		{DE598CF6-EF07-4CF0-9FEB-05A2CF2C3C7F}.Debug|x64.Build.0 = Debug|x64
		{DE598CF6-EF07-4CF0-9FEB-05A2CF2C3C7F}.Debug|x86.ActiveCfg = Debug|Win32
		{DE598CF6-EF07-4CF0-9FEB-05A2CF2C3C7F}.Debug|x86.Build.0 = Debug|Win32
		{DE598CF6-EF07-4CF0-9FEB-05A2CF2C3C7F}.Release|Win32.ActiveCfg = Release|Win32
		{DE598CF6-EF07-4CF0-9FEB-05A2CF2C3C7F}.Release|Win32.Build.0 = Release|Win32
		{DE598CF6-EF07-4CF0-9FEB-05A2CF2C3C7F}.Release|x64.ActiveCfg = Release|x64
		{DE598CF6-EF07-4CF0-9FEB-05A2CF2C3C7F}.Release|x64.Build.0 = Release|x64
		{DE598CF6-EF07-4CF0-9FEB-05A2CF2C3C7F}.Release|x86.ActiveCfg = Release|Win32
		{DE598CF6-EF07-4CF0-9FEB-05A2CF2C3C7F}.Release|x86.Build.0 = Release|Win32
		{D196E279-FFFF-4ADB-BE4E-515FA6575507}.Debug|Win32.ActiveCfg = Debug|Win32
		{D196E279-FFFF-4ADB-BE4E-515FA6575507}.Debug|Win32.Build.0 = Debug|Win32
		{D196E279-FFFF-4ADB-BE4E-515FA6575507}.Debug|x64.ActiveCfg = Debug|x64
		{D196E279-FFFF-4ADB-BE4E-515FA6575507}.Debug|x64.Build.0 = Debug|x64
		{D196E279-FFFF-4ADB-BE4E-515FA6575507}.Debug|x86.ActiveCfg = Debug|Win32
		{D196E279-FFFF-4ADB-BE4E-515FA6575507}.Debug|x86.Build.0 = Debug|Win32
		{D196E279-FFFF-4ADB-BE4E-515FA6575507}.Release|Win32.ActiveCfg = Release|Win32
		{D196E279-FFFF-4ADB-BE4E-515FA6575507}.Release|Win32.Build.0 = Release|Win32
		{D196E279-FFFF-4ADB-BE4E-515FA6575507}.Release|x64.ActiveCfg = Release|x64
		{D196E279-FFFF-4ADB-BE4E-515FA6575507}.Release|x64.Build.0 = Release|x64
		{D196E279-FFFF-4ADB-BE4E-515FA6575507}.Release|x86.ActiveCfg = Release|Win32
		{D196E279-FFFF-4ADB-BE4E-515FA6575507}.Release|x86.Build.0 = Release|Win32
		{ACFACEA5-1F1D-4B3F-A1A9-AFAE556F47D8}.Debug|Win32.ActiveCfg = Debug|Win32
		{ACFACEA5-1F1D-4B3F-A1A9-AFAE556F47D8}.Debug|Win32.Build.0 = Debug|Win32
		{ACFACEA5-1F1D-4B3F-A1A9-AFAE556F47D8}.Debug|x64.ActiveCfg = Debug|x64
		{ACFACEA5-1F1D-4B3F-A1A9-AFAE556F47D8}.Debug|x64.Build.0 = Debug|x64
		{ACFACEA5-1F1D-4B3F-A1A9-AFAE556F47D8}.Debug|x86.ActiveCfg = Debug|Win32
		{ACFACEA5-1F1D-4B3F-A1A9-AFAE556F47D8}.Debug|x86.Build.0 = Debug|Win32
		{ACFACEA5-1F1D-4B3F-A1A9-AFAE556F47D8}.Release|Win32.ActiveCfg = Release|Win32
		{ACFACEA5-1F1D-4B3F-A1A9-AFAE556F47D8}.Release|Win32.Build.0 = Release|Win32
		{ACFACEA5-1F1D-4B3F-A1A9-AFAE556F47D8}.Release|x64.ActiveCfg = Release|x64
		{ACFACEA5-1F1D-4B3F-A1A9-AFAE556F47D8}.Release|x64.Build.0 = Release|x64
		{ACFACEA5-1F1D-4B3F-A1A9-AFAE556F47D8}.Release|x86.ActiveCfg = Release|Win32
		{ACFACEA5-1F1D-4B3F-A1A9-AFAE556F47D8}.Release|x86.Build.0 = Release|Win32
		{79CA64DC-FE86-4E46-85C9-2742B06DF8F3}.Debug|Win32.ActiveCfg = Debug|Win32
		{79CA64DC-FE86-4E46-85C9-2742B06DF8F3}.Debug|Win32.Build.0 = Debug|Win32
		{79CA64DC-FE86-4E46-85C9-2742B06DF8F3}.Debug|x64.ActiveCfg = Debug|x64
		{79CA64DC-FE86-4E46-85C9-2742B06DF8F3}.Debug|x64.Build.0 = Debug|x64
		{79CA64DC-FE86-4E46-85C9-2742B06DF8F3}.Debug|x86.ActiveCfg = Debug|Win32
		{79CA64DC-FE86-4E46-85C9-2742B06DF8F3}.Debug|x86.Build.0 = Debug|Win32
		{79CA64DC-FE86-4E46-85C9-2742B06DF8F3}.Release|Win32.ActiveCfg = Release|Win32
		{79CA64DC-FE86-4E46-85C9-2742B06DF8F3}.Release|Win32.Build.0 = Release|Win32
		{79CA64DC-FE86-4E46-85C9-2742B06DF8F3}.Release|x64.ActiveCfg = Release|x64
		{79CA64DC-FE86-4E46-85C9-2742B06DF8F3}.Release|x64.Build.0 = Release|x64
		{79CA64DC-FE86-4E46-85C9-2742B06DF8F3}.Release|x86.ActiveCfg = Release|Win32
		{79CA64DC-FE86-4E46-85C9-2742B06DF8F3}.Release|x86.Build.0 = Release|Win32
		{449B95F6-686B-42F6-9CBC-B92DEBABCC60}.Debug|Win32.ActiveCfg = Debug|Win32
		{449B95F6-686B-42F6-9CBC-B92DEBABCC60}.Debug|Win32.Build.0 = Debug|Win32
		{449B95F6-686B-42F6-9CBC-B92DEBABCC60}.Debug|x64.ActiveCfg = Debug|x64
		{449B95F6-686B-42F6-9CBC-B92DEBABCC60}.Debug|x64.Build.0 = Debug|x64
		{449B95F6-686B-42F6-9CBC-B92DEBABCC60}.Debug|x86.ActiveCfg = Debug|Win32
		{449B95F6-686B-42F6-9CBC-B92DEBABCC60}.Debug|x86.Build.0 = Debug|Win32
		{449B95F6-686B-42F6-9CBC-B92DEBABCC60}.Release|Win32.ActiveCfg = Release|Win32
		{449B95F6-686B-42F6-9CBC-B92DEBABCC60}.Release|Win32.Build.0 = Release|Win32
		{449B95F6-686B-42F6-9CBC-B92DEBABCC60}.Release|x64.ActiveCfg = Release|x64
		{449B95F6-686B-42F6-9CBC-B92DEBABCC60}.Release|x64.Build.0 = Release|x64
		{449B95F6-686B-42F6-9CBC-B92DEBABCC60}.Release|x86.ActiveCfg = Release|Win32
		{449B95F6-686B-42F6-9CBC-B92DEBABCC60}.Release|x86.Build.0 = Release|Win32
		{1B4F0D2D-A5A4-4947-9D00-C8B647D87468}.Debug|Win32.ActiveCfg = Debug|Win32
		{1B4F0D2D-A5A4-4947-9D00-C8B647D87468}.Debug|Win32.Build.0 = Debug|Win32
		{1B4F0D2D-A5A4-4947-9D00-C8B647D87468}.Debug|x64.ActiveCfg = Debug|x64
		{1B4F0D2D-A5A4-4947-9D00-C8B647D87468}.Debug|x64.Build.0 = Debug|x64
		{1B4F0D2D-A5A4-4947-9D00-C8B647D87468}.Debug|x86.ActiveCfg = Debug|Win32
		{1B4F0D2D-A5A4-4947-9D00-C8B647D87468}.Debug|x86.Build.0 = Debug|Win32
		{1B4F0D2D-A5A4-4947-9D00-C8B647D87468}.Release|Win32.ActiveCfg = Release|Win32
		{1B4F0D2D-A5A4-4947-9D00-C8B647D87468}.Release|Win32.Build.0 = Release|Win32
		{1B4F0D2D-A5A4-4947-9D00-C8B647D87468}.Release|x64.ActiveCfg = Release|x64
		{1B4F0D2D-A5A4-4947-9D00-C8B647D87468}.Release|x64.Build.0 = Release|x64
		{1B4F0D2D-A5A4-4947-9D00-C8B647D87468}.Release|x86.ActiveCfg = Release|Win32
		{1B4F0D2D-A5A4-4947-9D00-C8B647D87468}.Release|x86.Build.0 = Release|Win32
		{DE7E4E67-C039-47B0-BAA4-C1B58942B457}.Debug|Win32.ActiveCfg = Debug|Win32
		{DE7E4E67-C039-47B0-BAA4-C1B58942B457}.Debug|Win32.Build.0 = Debug|Win32
		{DE7E4E67-C039-47B0-BAA4-C1B58942B457}.Debug|x64.ActiveCfg = Debug|x64
		{DE7E4E67-C039-47B0-BAA4-C1B58942B457}.Debug|x64.Build.0 = Debug|x64
		{DE7E4E67-C039-47B0-BAA4-C1B58942B457}.Debug|x86.ActiveCfg = Debug|Win32
		{DE7E4E67-C039-47B0-BAA4-C1B58942B457}.Debug|x86.Build.0 = Debug|Win32
		{DE7E4E67-C039-47B0-BAA4-C1B58942B457}.Release|Win32.ActiveCfg = Release|Win32
		{DE7E4E67-C039-47B0-BAA4-C1B58942B457}.Release|Win32.Build.0 = Release|Win32
		{DE7E4E67-C039-47B0-BAA4-C1B58942B457}.Release|x64.ActiveCfg = Release|x64
		{DE7E4E67-C039-47B0-BAA4-C1B58942B457}.Release|x64.Build.0 = Release|x64
		{DE7E4E67-C039-47B0-BAA4-C1B58942B457}.Release|x86.ActiveCfg = Release|Win32
		{DE7E4E67-C039-47B0-BAA4-C1B58942B457}.Release|x86.Build.0 = Release|Win32
		{6E4FEE54-52CF-40B7-BB25-CA3D0C45026C}.Debug|Win32.ActiveCfg = Debug|Win32
		{6E4FEE54-52CF-40B7-BB25-CA3D0C45026C}.Debug|Win32.Build.0 = Debug|Win32
		{6E4FEE54-52CF-40B7-BB25-CA3D0C45026C}.Debug|x64.ActiveCfg = Debug|x64
		{6E4FEE54-52CF-40B7-BB25-CA3D0C45026C}.Debug|x64.Build.0 = Debug|x64
		{6E4FEE54-52CF-40B7-BB25-CA3D0C45026C}.Debug|x86.ActiveCfg = Debug|Win32
		{6E4FEE54-52CF-40B7-BB25-CA3D0C45026C}.Debug|x86.Build.0 = Debug|Win32
		{6E4FEE54-52CF-40B7-BB25-CA3D0C45026C}.Release|Win32.ActiveCfg = Release|Win32
		{6E4FEE54-52CF-40B7-BB25-CA3D0C45026C}.Release|Win32.Build.0 = Release|Win32
		{6E4FEE54-52CF-40B7-BB25-CA3D0C45026C}.Release|x64.ActiveCfg = Release|x64
		{6E4FEE54-52CF-40B7-BB25-CA3D0C45026C}.Release|x64.Build.0 = Release|x64
		{6E4FEE54-52CF-40B7-BB25-CA3D0C45026C}.Release|x86.ActiveCfg = Release|Win32
		{6E4FEE54-52CF-40B7-BB25-CA3D0C45026C}.Release|x86.Build.0 = Release|Win32
		{2A4D9FF0-C003-486B-9E71-C1C01C27B5FB}.Debug|Win32.ActiveCfg = Debug|Win32
		{2A4D9FF0-C003-486B-9E71-C1C01C27B5FB}.Debug|Win32.Build.0 = Debug|Win32
		{2A4D9FF0-C003-486B-9E71-C1C01C27B5FB}.Debug|x64.ActiveCfg = Debug|x64
		{2A4D9FF0-C003-486B-9E71-C1C01C27B5FB}.Debug|x64.Build.0 = Debug|x64
		{2A4D9FF0-C003-486B-9E71-C1C01C27B5FB}.Debug|x86.ActiveCfg = Debug|Win32
		{2A4D9FF0-C003-486B-9E71-C1C01C27B5FB}.Debug|x86.Build.0 = Debug|Win32
		{2A4D9FF0-C003-486B-9E71-C1C01C27B5FB}.Release|Win32.ActiveCfg = Release|Win32
		{2A4D9FF0-C003-486B-9E71-C1C01C27B5FB}.Release|Win32.Build.0 = Release|Win32
		{2A4D9FF0-C003-486B-9E71-C1C01C27B5FB}.Release|x64.ActiveCfg = Release|x64
		{2A4D9FF0-C003-486B-9E71-C1C01C27B5FB}.Release|x64.Build.0 = Release|x64
		{2A4D9FF0-C003-486B-9E71-C1C01C27B5FB}.Release|x86.ActiveCfg = Release|Win32
		{2A4D9FF0-C003-486B-9E71-C1C01C27B5FB}.Release|x86.Build.0 = Release|Win32
		{487FD3C5-6723-42B9-A398-942BBB853A77}.Debug|Win32.ActiveCfg = Debug|Win32
		{487FD3C5-6723-42B9-A398-942BBB853A77}.Debug|Win32.Build.0 = Debug|Win32
		{487FD3C5-6723-42B9-A398-942BBB853A77}.Debug|x64.ActiveCfg = Debug|x64
		{487FD3C5-6723-42B9-A398-942BBB853A77}.Debug|x64.Build.0 = Debug|x64
		{487FD3C5-6723-42B9-A398-942BBB853A77}.Debug|x86.ActiveCfg = Debug|Win32
		{487FD3C5-6723-42B9-A398-942BBB853A77}.Debug|x86.Build.0 = Debug|Win32
		{487FD3C5-6723-42B9-A398-942BBB853A77}.Release|Win32.ActiveCfg = Release|Win32
		{487FD3C5-6723-42B9-A398-942BBB853A77}.Release|Win32.Build.0 = Release|Win32
		{487FD3C5-6723-42B9-A398-942BBB853A77}.Release|x64.ActiveCfg = Release|x64
		{487FD3C5-6723-42B9-A398-942BBB853A77}.Release|x64.Build.0 = Release|x64
		{487FD3C5-6723-42B9-A398-942BBB853A77}.Release|x86.ActiveCfg = Release|Win32
		{487FD3C5-6723-42B9-A398-942BBB853A77}.Release|x86.Build.0 = Release|Win32
		{4B59DF8A-DC30-4EDA-8C0D-E42E1F6CD55F}.Debug|Win32.ActiveCfg = Debug|Win32
		{4B59DF8A-DC30-4EDA-8C0D-E42E1F6CD55F}.Debug|Win32.Build.0 = Debug|Win32
		{4B59DF8A-DC30-4EDA-8C0D-E42E1F6CD55F}.Debug|x64.ActiveCfg = Debug|x64
		{4B59DF8A-DC30-4EDA-8C0D-E42E1F6CD55F}.Debug|x64.Build.0 = Debug|x64
		{4B59DF8A-DC30-4EDA-8C0D-E42E1F6CD55F}.Debug|x86.ActiveCfg = Debug|Win32
		{4B59DF8A-DC30-4EDA-8C0D-E42E1F6CD55F}.Debug|x86.Build.0 = Debug|Win32
		{4B59DF8A-DC30-4EDA-8C0D-E42E1F6CD55F}.Release|Win32.ActiveCfg = Release|Win32
		{4B59DF8A-DC30-4EDA-8C0D-E42E1F6CD55F}.Release|Win32.Build.0 = Release|Win32
		{4B59DF8A-DC30-4EDA-8C0D-E42E1F6CD55F}.Release|x64.ActiveCfg = Release|x64
		{4B59DF8A-DC30-4EDA-8C0D-E42E1F6CD55F}.Release|x64.Build.0 = Release|x64
		{4B59DF8A-DC30-4EDA-8C0D-E42E1F6CD55F}.Release|x86.ActiveCfg = Release|Win32
		{4B59DF8A-DC30-4EDA-8C0D-E42E1F6CD55F}.Release|x86.Build.0 = Release|Win32
		{017EADE0-D3A3-4C45-9825-B2286BFE1482}.Debug|Win32.ActiveCfg = Debug|Win32
		{017EADE0-D3A3-4C45-9825-B2286BFE1482}.Debug|Win32.Build.0 = Debug|Win32
		{017EADE0-D3A3-4C45-9825-B2286BFE1482}.Debug|x64.ActiveCfg = Debug|x64
		{017EADE0-D3A3-4C45-9825-B2286BFE1482}.Debug|x64.Build.0 = Debug|x64
		{017EADE0-D3A3-4C45-9825-B2286BFE1482}.Debug|x86.ActiveCfg = Debug|Win32
		{017EADE0-D3A3-4C45-9825-B2286BFE1482}.Debug|x86.Build.0 = Debug|Win32
		{017EADE0-D3A3-4C45-9825-B2286BFE1482}.Release|Win32.ActiveCfg = Release|Win32
		{017EADE0-D3A3-4C45-9825-B2286BFE1482}.Release|Win32.Build.0 = Release|Win32
		{017EADE0-D3A3-4C45-9825-B2286BFE1482}.Release|x64.ActiveCfg = Release|x64
		{017EADE0-D3A3-4C45-9825-B2286BFE1482}.Release|x64.Build.0 = Release|x64
		{017EADE0-D3A3-4C45-9825-B2286BFE1482}.Release|x86.ActiveCfg = Release|Win32
		{017EADE0-D3A3-4C45-9825-B2286BFE1482}.Release|x86.Build.0 = Release|Win32
		{69360997-B508-4096-B8B6-B1224B340AB5}.Debug|Win32.ActiveCfg = Debug|Win32
		{69360997-B508-4096-B8B6-B1224B340AB5}.Debug|Win32.Build.0 = Debug|Win32
		{69360997-B508-4096-B8B6-B1224B340AB5}.Debug|x64.ActiveCfg = Debug|x64
		{69360997-B508-4096-B8B6-B1224B340AB5}.Debug|x64.Build.0 = Debug|x64
		{69360997-B508-4096-B8B6-B1224B340AB5}.Debug|x86.ActiveCfg = Debug|Win32
		{69360997-B508-4096-B8B6-B1224B340AB5}.Debug|x86.Build.0 = Debug|Win32
		{69360997-B508-4096-B8B6-B1224B340AB5}.Release|Win32.ActiveCfg = Release|Win32
		{69360997-B508-4096-B8B6-B1224B340AB5}.Release|Win32.Build.0 = Release|Win32
		{69360997-B508-4096-B8B6-B1224B340AB5}.Release|x64.ActiveCfg = Release|x64
		{69360997-B508-4096-B8B6-B1224B340AB5}.Release|x64.Build.0 = Release|x64
		{69360997-B508-4096-B8B6-B1224B340AB5}.Release|x86.ActiveCfg = Release|Win32
		{69360997-B508-4096-B8B6-B1224B340AB5}.Release|x86.Build.0 = Release|Win32
		{6F1E6795-3D12-4D1D-843B-79FB91A40A7B}.Debug|Win32.ActiveCfg = Debug|Win32
		{6F1E6795-3D12-4D1D-843B-79FB91A40A7B}.Debug|Win32.Build.0 = Debug|Win32
		{6F1E6795-3D12-4D1D-843B-79FB91A40A7B}.Debug|x64.ActiveCfg = Debug|x64
		{6F1E6795-3D12-4D1D-843B-79FB91A40A7B}.Debug|x64.Build.0 = Debug|x64
		{6F1E6795-3D12-4D1D-843B-79FB91A40A7B}.Debug|x86.ActiveCfg = Debug|Win32
		{6F1E6795-3D12-4D1D-843B-79FB91A40A7B}.Debug|x86.Build.0 = Debug|Win32
		{6F1E6795-3D12-4D1D-843B-79FB91A40A7B}.Release|Win32.ActiveCfg = Release|Win32
		{6F1E6795-3D12-4D1D-843B-79FB91A40A7B}.Release|Win32.Build.0 = Release|Win32
		{6F1E6795-3D12-4D1D-843B-79FB91A40A7B}.Release|x64.ActiveCfg = Release|x64
		{6F1E6795-3D12-4D1D-843B-79FB91A40A7B}.Release|x64.Build.0 = Release|x64
		{6F1E6795-3D12-4D1D-843B-79FB91A40A7B}.Release|x86.ActiveCfg = Release|Win32
		{6F1E6795-3D12-4D1D-843B-79FB91A40A7B}.Release|x86.Build.0 = Release|Win32
		{52DB3C73-57B9-45A7-A685-902E6820E0B4}.Debug|Win32.ActiveCfg = Debug|Win32
		{52DB3C73-57B9-45A7-A685-902E6820E0B4}.Debug|Win32.Build.0 = Debug|Win32
		{52DB3C73-57B9-45A7-A685-902E6820E0B4}.Debug|x64.ActiveCfg = Debug|x64
		{52DB3C73-57B9-45A7-A685-902E6820E0B4}.Debug|x64.Build.0 = Debug|x64
		{52DB3C73-57B9-45A7-A685-902E6820E0B4}.Debug|x86.ActiveCfg = Debug|Win32
		{52DB3C73-57B9-45A7-A685-902E6820E0B4}.Debug|x86.Build.0 = Debug|Win32
		{52DB3C73-57B9-45A7-A685-902E6820E0B4}.Release|Win32.ActiveCfg = Release|Win32
		{52DB3C73-57B9-45A7-A685-902E6820E0B4}.Release|Win32.Build.0 = Release|Win32
		{52DB3C73-57B9-45A7-A685-902E6820E0B4}.Release|x64.ActiveCfg = Release|x64
		{52DB3C73-57B9-45A7-A685-902E6820E0B4}.Release|x64.Build.0 = Release|x64
		{52DB3C73-57B9-45A7-A685-902E6820E0B4}.Release|x86.ActiveCfg = Release|Win32
		{52DB3C73-57B9-45A7-A685-902E6820E0B4}.Release|x86.Build.0 = Release|Win32
		{ED4ED95E-E33C-4F3D-AFE2-DD2B5B222EC1}.Debug|Win32.ActiveCfg = Debug|Win32
		{ED4ED95E-E33C-4F3D-AFE2-DD2B5B222EC1}.Debug|Win32.Build.0 = Debug|Win32
		{ED4ED95E-E33C-4F3D-AFE2-DD2B5B222EC1}.Debug|x64.ActiveCfg = Debug|x64
		{ED4ED95E-E33C-4F3D-AFE2-DD2B5B222EC1}.Debug|x64.Build.0 = Debug|x64
		{ED4ED95E-E33C-4F3D-AFE2-DD2B5B222EC1}.Debug|x86.ActiveCfg = Debug|Win32
		{ED4ED95E-E33C-4F3D-AFE2-DD2B5B222EC1}.Debug|x86.Build.0 = Debug|Win32
		{ED4ED95E-E33C-4F3D-AFE2-DD2B5B222EC1}.Release|Win32.ActiveCfg = Release|Win32
		{ED4ED95E-E33C-4F3D-AFE2-DD2B5B222EC1}.Release|Win32.Build.0 = Release|Win32
		{ED4ED95E-E33C-4F3D-AFE2-DD2B5B222EC1}.Release|x64.ActiveCfg = Release|x64
		{ED4ED95E-E33C-4F3D-AFE2-DD2B5B222EC1}.Release|x64.Build.0 = Release|x64
		{ED4ED95E-E33C-4F3D-AFE2-DD2B5B222EC1}.Release|x86.ActiveCfg = Release|Win32
		{ED4ED95E-E33C-4F3D-AFE2-DD2B5B222EC1}.Release|x86.Build.0 = Release|Win32
		{918A8B32-3353-4862-9ED7-53C87450FE37}.Debug|Win32.ActiveCfg = Debug|Win32
		{918A8B32-3353-4862-9ED7-53C87450FE37}.Debug|Win32.Build.0 = Debug|Win32
		{918A8B32-3353-4862-9ED7-53C87450FE37}.Debug|x64.ActiveCfg = Debug|x64
		{918A8B32-3353-4862-9ED7-53C87450FE37}.Debug|x64.Build.0 = Debug|x64
		{918A8B32-3353-4862-9ED7-53C87450FE37}.Debug|x86.ActiveCfg = Debug|Win32
		{918A8B32-3353-4862-9ED7-53C87450FE37}.Debug|x86.Build.0 = Debug|Win32
		{918A8B32-3353-4862-9ED7-53C87450FE37}.Release|Win32.ActiveCfg = Release|Win32
		{918A8B32-3353-4862-9ED7-53C87450FE37}.Release|Win32.Build.0 = Release|Win32
		{918A8B32-3353-4862-9ED7-53C87450FE37}.Release|x64.ActiveCfg = Release|x64
		{918A8B32-3353-4862-9ED7-53C87450FE37}.Release|x64.Build.0 = Release|x64
		{918A8B32-3353-4862-9ED7-53C87450FE37}.Release|x86.ActiveCfg = Release|Win32
		{918A8B32-3353-4862-9ED7-53C87450FE37}.Release|x86.Build.0 = Release|Win32
		{47A5D4A9-E254-4CEF-9255-2B8EB9AD34A2}.Debug|Win32.ActiveCfg = Debug|Win32
		{47A5D4A9-E254-4CEF-9255-2B8EB9AD34A2}.Debug|Win32.Build.0 = Debug|Win32
		{47A5D4A9-E254-4CEF-9255-2B8EB9AD34A2}.Debug|x64.ActiveCfg = Debug|x64
		{47A5D4A9-E254-4CEF-9255-2B8EB9AD34A2}.Debug|x64.Build.0 = Debug|x64
		{47A5D4A9-E254-4CEF-9255-2B8EB9AD34A2}.Debug|x86.ActiveCfg = Debug|Win32
		{47A5D4A9-E254-4CEF-9255-2B8EB9AD34A2}.Debug|x86.Build.0 = Debug|Win32
		{47A5D4A9-E254-4CEF-9255-2B8EB9AD34A2}.Release|Win32.ActiveCfg = Release|Win32
		{47A5D4A9-E254-4CEF-9255-2B8EB9AD34A2}.Release|Win32.Build.0 = Release|Win32
		{47A5D4A9-E254-4CEF-9255-2B8EB9AD34A2}.Release|x64.ActiveCfg = Release|x64
		{47A5D4A9-E254-4CEF-9255-2B8EB9AD34A2}.Release|x64.Build.0 = Release|x64
		{47A5D4A9-E254-4CEF-9255-2B8EB9AD34A2}.Release|x86.ActiveCfg = Release|Win32
		{47A5D4A9-E254-4CEF-9255-2B8EB9AD34A2}.Release|x86.Build.0 = Release|Win32
		{069E0380-30CE-4AF4-9317-992E67DD0E19}.Debug|Win32.ActiveCfg = Debug|Win32
		{069E0380-30CE-4AF4-9317-992E67DD0E19}.Debug|Win32.Build.0 = Debug|Win32
		{069E0380-30CE-4AF4-9317-992E67DD0E19}.Debug|x64.ActiveCfg = Debug|x64
		{069E0380-30CE-4AF4-9317-992E67DD0E19}.Debug|x64.Build.0 = Debug|x64
		{069E0380-30CE-4AF4-9317-992E67DD0E19}.Debug|x86.ActiveCfg = Debug|Win32
		{069E0380-30CE-4AF4-9317-992E67DD0E19}.Debug|x86.Build.0 = Debug|Win32
		{069E0380-30CE-4AF4-9317-992E67DD0E19}.Release|Win32.ActiveCfg = Release|Win32
		{069E0380-30CE-4AF4-9317-992E67DD0E19}.Release|Win32.Build.0 = Release|Win32
		{069E0380-30CE-4AF4-9317-992E67DD0E19}.Release|x64.ActiveCfg = Release|x64
		{069E0380-30CE-4AF4-9317-992E67DD0E19}.Release|x64.Build.0 = Release|x64
		{069E0380-30CE-4AF4-9317-992E67DD0E19}.Release|x86.ActiveCfg = Release|Win32
		{069E0380-30CE-4AF4-9317-992E67DD0E19}.Release|x86.Build.0 = Release|Win32
		{648EC7A3-028A-4EE6-948B-FD30D4E6C6DF}.Debug|Win32.ActiveCfg = Debug|Win32
		{648EC7A3-028A-4EE6-948B-FD30D4E6C6DF}.Debug|Win32.Build.0 = Debug|Win32
		{648EC7A3-028A-4EE6-948B-FD30D4E6C6DF}.Debug|x64.ActiveCfg = Debug|x64
		{648EC7A3-028A-4EE6-948B-FD30D4E6C6DF}.Debug|x64.Build.0 = Debug|x64
		{648EC7A3-028A-4EE6-948B-FD30D4E6C6DF}.Debug|x86.ActiveCfg = Debug|Win32
		{648EC7A3-028A-4EE6-948B-FD30D4E6C6DF}.Debug|x86.Build.0 = Debug|Win32
		{648EC7A3-028A-4EE6-948B-FD30D4E6C6DF}.Release|Win32.ActiveCfg = Release|Win32
		{648EC7A3-028A-4EE6-948B-FD30D4E6C6DF}.Release|Win32.Build.0 = Release|Win32
		{648EC7A3-028A-4EE6-948B-FD30D4E6C6DF}.Release|x64.ActiveCfg = Release|x64
		{648EC7A3-028A-4EE6-948B-FD30D4E6C6DF}.Release|x64.Build.0 = Release|x64
		{648EC7A3-028A-4EE6-948B-FD30D4E6C6DF}.Release|x86.ActiveCfg = Release|Win32
		{648EC7A3-028A-4EE6-948B-FD30D4E6C6DF}.Release|x86.Build.0 = Release|Win32
		{058360F3-22F8-4340-9942-07A386D8AEE2}.Debug|Win32.ActiveCfg = Debug|Win32
		{058360F3-22F8-4340-9942-07A386D8AEE2}.Debug|Win32.Build.0 = Debug|Win32
		{058360F3-22F8-4340-9942-07A386D8AEE2}.Debug|x64.ActiveCfg = Debug|x64
		{058360F3-22F8-4340-9942-07A386D8AEE2}.Debug|x64.Build.0 = Debug|x64
		{058360F3-22F8-4340-9942-07A386D8AEE2}.Debug|x86.ActiveCfg = Debug|Win32
		{058360F3-22F8-4340-9942-07A386D8AEE2}.Debug|x86.Build.0 = Debug|Win32
		{058360F3-22F8-4340-9942-07A386D8AEE2}.Release|Win32.ActiveCfg = Release|Win32
		{058360F3-22F8-4340-9942-07A386D8AEE2}.Release|Win32.Build.0 = Release|Win32
		{058360F3-22F8-4340-9942-07A386D8AEE2}.Release|x64.ActiveCfg = Release|x64
		{058360F3-22F8-4340-9942-07A386D8AEE2}.Release|x64.Build.0 = Release|x64
		{058360F3-22F8-4340-9942-07A386D8AEE2}.Release|x86.ActiveCfg = Release|Win32
		{058360F3-22F8-4340-9942-07A386D8AEE2}.Release|x86.Build.0 = Release|Win32
		{31BA8854-7ABF-4EE4-B149-102C08E04068}.Debug|Win32.ActiveCfg = Debug|Win32
		{31BA8854-7ABF-4EE4-B149-102C08E04068}.Debug|Win32.Build.0 = Debug|Win32
		{31BA8854-7ABF-4EE4-B149-102C08E04068}.Debug|x64.ActiveCfg = Debug|x64
		{31BA8854-7ABF-4EE4-B149-102C08E04068}.Debug|x64.Build.0 = Debug|x64
		{31BA8854-7ABF-4EE4-B149-102C08E04068}.Debug|x86.ActiveCfg = Debug|Win32
		{31BA8854-7ABF-4EE4-B149-102C08E04068}.Debug|x86.Build.0 = Debug|Win32
		{31BA8854-7ABF-4EE4-B149-102C08E04068}.Release|Win32.ActiveCfg = Release|Win32
		{31BA8854-7ABF-4EE4-B149-102C08E04068}.Release|Win32.Build.0 = Release|Win32
		{31BA8854-7ABF-4EE4-B149-102C08E04068}.Release|x64.ActiveCfg = Release|x64
		{31BA8854-7ABF-4EE4-B149-102C08E04068}.Release|x64.Build.0 = Release|x64
		{31BA8854-7ABF-4EE4-B149-102C08E04068}.Release|x86.ActiveCfg = Release|Win32
		{31BA8854-7ABF-4EE4-B149-102C08E04068}.Release|x86.Build.0 = Release|Win32
		{35184165-FF23-454F-9495-33565E03503A}.Debug|Win32.ActiveCfg = Debug|Win32
		{35184165-FF23-454F-9495-33565E03503A}.Debug|Win32.Build.0 = Debug|Win32
		{35184165-FF23-454F-9495-33565E03503A}.Debug|x64.ActiveCfg = Debug|x64
		{35184165-FF23-454F-9495-33565E03503A}.Debug|x64.Build.0 = Debug|x64
		{35184165-FF23-454F-9495-33565E03503A}.Debug|x86.ActiveCfg = Debug|Win32
		{35184165-FF23-454F-9495-33565E03503A}.Debug|x86.Build.0 = Debug|Win32
		{35184165-FF23-454F-9495-33565E03503A}.Release|Win32.ActiveCfg = Release|Win32
		{35184165-FF23-454F-9495-33565E03503A}.Release|Win32.Build.0 = Release|Win32
		{35184165-FF23-454F-9495-33565E03503A}.Release|x64.ActiveCfg = Release|x64
		{35184165-FF23-454F-9495-33565E03503A}.Release|x64.Build.0 = Release|x64
		{35184165-FF23-454F-9495-33565E03503A}.Release|x86.ActiveCfg = Release|Win32
		{35184165-FF23-454F-9495-33565E03503A}.Release|x86.Build.0 = Release|Win32
		{5E3A7575-ECE1-4CD8-BE88-5DC4485D4959}.Debug|Win32.ActiveCfg = Debug|Win32
		{5E3A7575-ECE1-4CD8-BE88-5DC4485D4959}.Debug|Win32.Build.0 = Debug|Win32
		{5E3A7575-ECE1-4CD8-BE88-5DC4485D4959}.Debug|x64.ActiveCfg = Debug|x64
		{5E3A7575-ECE1-4CD8-BE88-5DC4485D4959}.Debug|x64.Build.0 = Debug|x64
		{5E3A7575-ECE1-4CD8-BE88-5DC4485D4959}.Debug|x86.ActiveCfg = Debug|Win32
		{5E3A7575-ECE1-4CD8-BE88-5DC4485D4959}.Debug|x86.Build.0 = Debug|Win32
		{5E3A7575-ECE1-4CD8-BE88-5DC4485D4959}.Release|Win32.ActiveCfg = Release|Win32
		{5E3A7575-ECE1-4CD8-BE88-5DC4485D4959}.Release|Win32.Build.0 = Release|Win32
		{5E3A7575-ECE1-4CD8-BE88-5DC4485D4959}.Release|x64.ActiveCfg = Release|x64
		{5E3A7575-ECE1-4CD8-BE88-5DC4485D4959}.Release|x64.Build.0 = Release|x64
		{5E3A7575-ECE1-4CD8-BE88-5DC4485D4959}.Release|x86.ActiveCfg = Release|Win32
		{5E3A7575-ECE1-4CD8-BE88-5DC4485D4959}.Release|x86.Build.0 = Release|Win32
		{3606AEDD-83D4-4A1A-9842-C2B03B397745}.Debug|Win32.ActiveCfg = Debug|Win32
		{3606AEDD-83D4-4A1A-9842-C2B03B397745}.Debug|Win32.Build.0 = Debug|Win32
		{3606AEDD-83D4-4A1A-9842-C2B03B397745}.Debug|x64.ActiveCfg = Debug|x64
		{3606AEDD-83D4-4A1A-9842-C2B03B397745}.Debug|x64.Build.0 = Debug|x64
		{3606AEDD-83D4-4A1A-9842-C2B03B397745}.Debug|x86.ActiveCfg = Debug|Win32
		{3606AEDD-83D4-4A1A-9842-C2B03B397745}.Debug|x86.Build.0 = Debug|Win32
		{3606AEDD-83D4-4A1A-9842-C2B03B397745}.Release|Win32.ActiveCfg = Release|Win32
		{3606AEDD-83D4-4A1A-9842-C2B03B397745}.Release|Win32.Build.0 = Release|Win32
		{3606AEDD-83D4-4A1A-9842-C2B03B397745}.Release|x64.ActiveCfg = Release|x64
		{3606AEDD-83D4-4A1A-9842-C2B03B397745}.Release|x64.Build.0 = Release|x64
		{3606AEDD-83D4-4A1A-9842-C2B03B397745}.Release|x86.ActiveCfg = Release|Win32
		{3606AEDD-83D4-4A1A-9842-C2B03B397745}.Release|x86.Build.0 = Release|Win32
		{C1820C53-83A3-431C-9618-38BBAC831E70}.Debug|Win32.ActiveCfg = Debug|Win32
		{C1820C53-83A3-431C-9618-38BBAC831E70}.Debug|Win32.Build.0 = Debug|Win32
		{C1820C53-83A3-431C-9618-38BBAC831E70}.Debug|x64.ActiveCfg = Debug|x64
		{C1820C53-83A3-431C-9618-38BBAC831E70}.Debug|x64.Build.0 = Debug|x64
		{C1820C53-83A3-431C-9618-38BBAC831E70}.Debug|x86.ActiveCfg = Debug|Win32
		{C1820C53-83A3-431C-9618-38BBAC831E70}.Debug|x86.Build.0 = Debug|Win32
		{C1820C53-83A3-431C-9618-38BBAC831E70}.Release|Win32.ActiveCfg = Release|Win32
		{C1820C53-83A3-431C-9618-38BBAC831E70}.Release|Win32.Build.0 = Release|Win32
		{C1820C53-83A3-431C-9618-38BBAC831E70}.Release|x64.ActiveCfg = Release|x64
		{C1820C53-83A3-431C-9618-38BBAC831E70}.Release|x64.Build.0 = Release|x64
		{C1820C53-83A3-431C-9618-38BBAC831E70}.Release|x86.ActiveCfg = Release|Win32
		{C1820C53-83A3-431C-9618-38BBAC831E70}.Release|x86.Build.0 = Release|Win32
		{7FB331B0-3914-4129-9160-649B80A1536D}.Debug|Win32.ActiveCfg = Debug|Win32
		{7FB331B0-3914-4129-9160-649B80A1536D}.Debug|Win32.Build.0 = Debug|Win32
		{7FB331B0-3914-4129-9160-649B80A1536D}.Debug|x64.ActiveCfg = Debug|x64
		{7FB331B0-3914-4129-9160-649B80A1536D}.Debug|x64.Build.0 = Debug|x64
		{7FB331B0-3914-4129-9160-649B80A1536D}.Debug|x86.ActiveCfg = Debug|Win32
		{7FB331B0-3914-4129-9160-649B80A1536D}.Debug|x86.Build.0 = Debug|Win32
		{7FB331B0-3914-4129-9160-649B80A1536D}.Release|Win32.ActiveCfg = Release|Win32
		{7FB331B0-3914-4129-9160-649B80A1536D}.Release|Win32.Build.0 = Release|Win32
		{7FB331B0-3914-4129-9160-649B80A1536D}.Release|x64.ActiveCfg = Release|x64
		{7FB331B0-3914-4129-9160-649B80A1536D}.Release|x64.Build.0 = Release|x64
		{7FB331B0-3914-4129-9160-649B80A1536D}.Release|x86.ActiveCfg = Release|Win32
		{7FB331B0-3914-4129-9160-649B80A1536D}.Release|x86.Build.0 = Release|Win32
		{D1954BE5-7C7F-4F1D-AB35-F42FC5EEF066}.Debug|Win32.ActiveCfg = Debug|Win32
		{D1954BE5-7C7F-4F1D-AB35-F42FC5EEF066}.Debug|Win32.Build.0 = Debug|Win32
		{D1954BE5-7C7F-4F1D-AB35-F42FC5EEF066}.Debug|x64.ActiveCfg = Debug|x64
		{D1954BE5-7C7F-4F1D-AB35-F42FC5EEF066}.Debug|x64.Build.0 = Debug|x64
		{D1954BE5-7C7F-4F1D-AB35-F42FC5EEF066}.Debug|x86.ActiveCfg = Debug|Win32
		{D1954BE5-7C7F-4F1D-AB35-F42FC5EEF066}.Debug|x86.Build.0 = Debug|Win32
		{D1954BE5-7C7F-4F1D-AB35-F42FC5EEF066}.Release|Win32.ActiveCfg = Release|Win32
		{D1954BE5-7C7F-4F1D-AB35-F42FC5EEF066}.Release|Win32.Build.0 = Release|Win32
		{D1954BE5-7C7F-4F1D-AB35-F42FC5EEF066}.Release|x64.ActiveCfg = Release|x64
		{D1954BE5-7C7F-4F1D-AB35-F42FC5EEF066}.Release|x64.Build.0 = Release|x64
		{D1954BE5-7C7F-4F1D-AB35-F42FC5EEF066}.Release|x86.ActiveCfg = Release|Win32
		{D1954BE5-7C7F-4F1D-AB35-F42FC5EEF066}.Release|x86.Build.0 = Release|Win32
		{665C92FA-CF19-4FB2-9099-EAD219482E98}.Debug|Win32.ActiveCfg = Debug|Win32
		{665C92FA-CF19-4FB2-9099-EAD219482E98}.Debug|Win32.Build.0 = Debug|Win32
		{665C92FA-CF19-4FB2-9099-EAD219482E98}.Debug|x64.ActiveCfg = Debug|x64
		{665C92FA-CF19-4FB2-9099-EAD219482E98}.Debug|x64.Build.0 = Debug|x64
		{665C92FA-CF19-4FB2-9099-EAD219482E98}.Debug|x86.ActiveCfg = Debug|Win32
		{665C92FA-CF19-4FB2-9099-EAD219482E98}.Debug|x86.Build.0 = Debug|Win32
		{665C92FA-CF19-4FB2-9099-EAD219482E98}.Release|Win32.ActiveCfg = Release|Win32
		{665C92FA-CF19-4FB2-9099-EAD219482E98}.Release|Win32.Build.0 = Release|Win32
		{665C92FA-CF19-4FB2-9099-EAD219482E98}.Release|x64.ActiveCfg = Release|x64
		{665C92FA-CF19-4FB2-9099-EAD219482E98}.Release|x64.Build.0 = Release|x64
		{665C92FA-CF19-4FB2-9099-EAD219482E98}.Release|x86.ActiveCfg = Release|Win32
		{665C92FA-CF19-4FB2-9099-EAD219482E98}.Release|x86.Build.0 = Release|Win32
		{61F303BC-CDF2-4046-BE54-87ECD786EC82}.Debug|Win32.ActiveCfg = Debug|Win32
		{61F303BC-CDF2-4046-BE54-87ECD786EC82}.Debug|Win32.Build.0 = Debug|Win32
		{61F303BC-CDF2-4046-BE54-87ECD786EC82}.Debug|x64.ActiveCfg = Debug|x64
		{61F303BC-CDF2-4046-BE54-87ECD786EC82}.Debug|x64.Build.0 = Debug|x64
		{61F303BC-CDF2-4046-BE54-87ECD786EC82}.Debug|x86.ActiveCfg = Debug|Win32
		{61F303BC-CDF2-4046-BE54-87ECD786EC82}.Debug|x86.Build.0 = Debug|Win32
		{61F303BC-CDF2-4046-BE54-87ECD786EC82}.Release|Win32.ActiveCfg = Release|Win32
		{61F303BC-CDF2-4046-BE54-87ECD786EC82}.Release|Win32.Build.0 = Release|Win32
		{61F303BC-CDF2-4046-BE54-87ECD786EC82}.Release|x64.ActiveCfg = Release|x64
		{61F303BC-CDF2-4046-BE54-87ECD786EC82}.Release|x64.Build.0 = Release|x64
		{61F303BC-CDF2-4046-BE54-87ECD786EC82}.Release|x86.ActiveCfg = Release|Win32
		{61F303BC-CDF2-4046-BE54-87ECD786EC82}.Release|x86.Build.0 = Release|Win32
		{F13BBDF8-A456-490D-AB8E-6172054C357C}.Debug|Win32.ActiveCfg = Debug|Win32
		{F13BBDF8-A456-490D-AB8E-6172054C357C}.Debug|Win32.Build.0 = Debug|Win32
		{F13BBDF8-A456-490D-AB8E-6172054C357C}.Debug|x64.ActiveCfg = Debug|x64
		{F13BBDF8-A456-490D-AB8E-6172054C357C}.Debug|x64.Build.0 = Debug|x64
		{F13BBDF8-A456-490D-AB8E-6172054C357C}.Debug|x86.ActiveCfg = Debug|Win32
		{F13BBDF8-A456-490D-AB8E-6172054C357C}.Debug|x86.Build.0 = Debug|Win32
		{F13BBDF8-A456-490D-AB8E-6172054C357C}.Release|Win32.ActiveCfg = Release|Win32
		{F13BBDF8-A456-490D-AB8E-6172054C357C}.Release|Win32.Build.0 = Release|Win32
		{F13BBDF8-A456-490D-AB8E-6172054C357C}.Release|x64.ActiveCfg = Release|x64
		{F13BBDF8-A456-490D-AB8E-6172054C357C}.Release|x64.Build.0 = Release|x64
		{F13BBDF8-A456-490D-AB8E-6172054C357C}.Release|x86.ActiveCfg = Release|Win32
		{F13BBDF8-A456-490D-AB8E-6172054C357C}.Release|x86.Build.0 = Release|Win32
		{B7EE949F-9361-4CCB-A5EA-5C821471246B}.Debug|Win32.ActiveCfg = Debug|Win32
		{B7EE949F-9361-4CCB-A5EA-5C821471246B}.Debug|Win32.Build.0 = Debug|Win32
		{B7EE949F-9361-4CCB-A5EA-5C821471246B}.Debug|x64.ActiveCfg = Debug|x64
		{B7EE949F-9361-4CCB-A5EA-5C821471246B}.Debug|x64.Build.0 = Debug|x64
		{B7EE949F-9361-4CCB-A5EA-5C821471246B}.Debug|x86.ActiveCfg = Debug|Win32
		{B7EE949F-9361-4CCB-A5EA-5C821471246B}.Debug|x86.Build.0 = Debug|Win32
		{B7EE949F-9361-4CCB-A5EA-5C821471246B}.Release|Win32.ActiveCfg = Release|Win32
		{B7EE949F-9361-4CCB-A5EA-5C821471246B}.Release|Win32.Build.0 = Release|Win32
		{B7EE949F-9361-4CCB-A5EA-5C821471246B}.Release|x64.ActiveCfg = Release|x64
		{B7EE949F-9361-4CCB-A5EA-5C821471246B}.Release|x64.Build.0 = Release|x64
		{B7EE949F-9361-4CCB-A5EA-5C821471246B}.Release|x86.ActiveCfg = Release|Win32
		{B7EE949F-9361-4CCB-A5EA-5C821471246B}.Release|x86.Build.0 = Release|Win32
		{DD03BE51-F9CD-42ED-9507-5958E6289B8B}.Debug|Win32.ActiveCfg = Debug|Win32
		{DD03BE51-F9CD-42ED-9507-5958E6289B8B}.Debug|Win32.Build.0 = Debug|Win32
		{DD03BE51-F9CD-42ED-9507-5958E6289B8B}.Debug|x64.ActiveCfg = Debug|x64
		{DD03BE51-F9CD-42ED-9507-5958E6289B8B}.Debug|x64.Build.0 = Debug|x64
		{DD03BE51-F9CD-42ED-9507-5958E6289B8B}.Debug|x86.ActiveCfg = Debug|Win32
		{DD03BE51-F9CD-42ED-9507-5958E6289B8B}.Debug|x86.Build.0 = Debug|Win32
		{DD03BE51-F9CD-42ED-9507-5958E6289B8B}.Release|Win32.ActiveCfg = Release|Win32
		{DD03BE51-F9CD-42ED-9507-5958E6289B8B}.Release|Win32.Build.0 = Release|Win32
		{DD03BE51-F9CD-42ED-9507-5958E6289B8B}.Release|x64.ActiveCfg = Release|x64
		{DD03BE51-F9CD-42ED-9507-5958E6289B8B}.Release|x64.Build.0 = Release|x64
		{DD03BE51-F9CD-42ED-9507-5958E6289B8B}.Release|x86.ActiveCfg = Release|Win32
		{DD03BE51-F9CD-42ED-9507-5958E6289B8B}.Release|x86.Build.0 = Release|Win32
		{64FF0958-0813-4C14-A097-59392672D1D5}.Debug|Win32.ActiveCfg = Debug|Win32
		{64FF0958-0813-4C14-A097-59392672D1D5}.Debug|Win32.Build.0 = Debug|Win32
		{64FF0958-0813-4C14-A097-59392672D1D5}.Debug|x64.ActiveCfg = Debug|x64
		{64FF0958-0813-4C14-A097-59392672D1D5}.Debug|x64.Build.0 = Debug|x64
		{64FF0958-0813-4C14-A097-59392672D1D5}.Debug|x86.ActiveCfg = Debug|Win32
		{64FF0958-0813-4C14-A097-59392672D1D5}.Debug|x86.Build.0 = Debug|Win32
		{64FF0958-0813-4C14-A097-59392672D1D5}.Release|Win32.ActiveCfg = Release|Win32
		{64FF0958-0813-4C14-A097-59392672D1D5}.Release|Win32.Build.0 = Release|Win32
		{64FF0958-0813-4C14-A097-59392672D1D5}.Release|x64.ActiveCfg = Release|x64
		{64FF0958-0813-4C14-A097-59392672D1D5}.Release|x64.Build.0 = Release|x64
		{64FF0958-0813-4C14-A097-59392672D1D5}.Release|x86.ActiveCfg = Release|Win32
		{64FF0958-0813-4C14-A097-59392672D1D5}.Release|x86.Build.0 = Release|Win32
		{78C9770C-A381-4962-ADAC-55745B587CA8}.Debug|Win32.ActiveCfg = Debug|Win32
		{78C9770C-A381-4962-ADAC-55745B587CA8}.Debug|Win32.Build.0 = Debug|Win32
		{78C9770C-A381-4962-ADAC-55745B587CA8}.Debug|x64.ActiveCfg = Debug|x64
		{78C9770C-A381-4962-ADAC-55745B587CA8}.Debug|x64.Build.0 = Debug|x64
		{78C9770C-A381-4962-ADAC-55745B587CA8}.Debug|x86.ActiveCfg = Debug|Win32
		{78C9770C-A381-4962-ADAC-55745B587CA8}.Debug|x86.Build.0 = Debug|Win32
		{78C9770C-A381-4962-ADAC-55745B587CA8}.Release|Win32.ActiveCfg = Release|Win32
		{78C9770C-A381-4962-ADAC-55745B587CA8}.Release|Win32.Build.0 = Release|Win32
		{78C9770C-A381-4962-ADAC-55745B587CA8}.Release|x64.ActiveCfg = Release|x64
		{78C9770C-A381-4962-ADAC-55745B587CA8}.Release|x64.Build.0 = Release|x64
		{78C9770C-A381-4962-ADAC-55745B587CA8}.Release|x86.ActiveCfg = Release|Win32
		{78C9770C-A381-4962-ADAC-55745B587CA8}.Release|x86.Build.0 = Release|Win32
		{30DE8A70-A26B-46A3-909D-28FB3D95F7ED}.Debug|Win32.ActiveCfg = Debug|Win32
		{30DE8A70-A26B-46A3-909D-28FB3D95F7ED}.Debug|Win32.Build.0 = Debug|Win32
		{30DE8A70-A26B-46A3-909D-28FB3D95F7ED}.Debug|x64.ActiveCfg = Debug|x64
		{30DE8A70-A26B-46A3-909D-28FB3D95F7ED}.Debug|x64.Build.0 = Debug|x64
		{30DE8A70-A26B-46A3-909D-28FB3D95F7ED}.Debug|x86.ActiveCfg = Debug|Win32
		{30DE8A70-A26B-46A3-909D-28FB3D95F7ED}.Debug|x86.Build.0 = Debug|Win32
		{30DE8A70-A26B-46A3-909D-28FB3D95F7ED}.Release|Win32.ActiveCfg = Release|Win32
		{30DE8A70-A26B-46A3-909D-28FB3D95F7ED}.Release|Win32.Build.0 = Release|Win32
		{30DE8A70-A26B-46A3-909D-28FB3D95F7ED}.Release|x64.ActiveCfg = Release|x64
		{30DE8A70-A26B-46A3-909D-28FB3D95F7ED}.Release|x64.Build.0 = Release|x64
		{30DE8A70-A26B-46A3-909D-28FB3D95F7ED}.Release|x86.ActiveCfg = Release|Win32
		{30DE8A70-A26B-46A3-909D-28FB3D95F7ED}.Release|x86.Build.0 = Release|Win32
		{B6C899EC-450F-4795-8439-8769A51F7874}.Debug|Win32.ActiveCfg = Debug|Win32
		{B6C899EC-450F-4795-8439-8769A51F7874}.Debug|Win32.Build.0 = Debug|Win32
		{B6C899EC-450F-4795-8439-8769A51F7874}.Debug|x64.ActiveCfg = Debug|x64
		{B6C899EC-450F-4795-8439-8769A51F7874}.Debug|x64.Build.0 = Debug|x64
		{B6C899EC-450F-4795-8439-8769A51F7874}.Debug|x86.ActiveCfg = Debug|Win32
		{B6C899EC-450F-4795-8439-8769A51F7874}.Debug|x86.Build.0 = Debug|Win32
		{B6C899EC-450F-4795-8439-8769A51F7874}.Release|Win32.ActiveCfg = Release|Win32
		{B6C899EC-450F-4795-8439-8769A51F7874}.Release|Win32.Build.0 = Release|Win32
		{B6C899EC-450F-4795-8439-8769A51F7874}.Release|x64.ActiveCfg = Release|x64
		{B6C899EC-450F-4795-8439-8769A51F7874}.Release|x64.Build.0 = Release|x64
		{B6C899EC-450F-4795-8439-8769A51F7874}.Release|x86.ActiveCfg = Release|Win32
		{B6C899EC-450F-4795-8439-8769A51F7874}.Release|x86.Build.0 = Release|Win32
	EndGlobalSection
	GlobalSection(SolutionProperties) = preSolution
		HideSolutionNode = FALSE
	EndGlobalSection
	GlobalSection(ExtensibilityGlobals) = postSolution
		SolutionGuid = {7B5EDE77-3978-488D-A5F0-5607BFA2B757}
	EndGlobalSection
EndGlobal
